// !$*UTF8*$!
{
	archiveVersion = 1;
	classes = {
	};
	objectVersion = 46;
	objects = {

/* Begin PBXAggregateTarget section */
		6716974816CEB10600C15B61 /* Documentation */ = {
			isa = PBXAggregateTarget;
			buildConfigurationList = 6716974B16CEB10600C15B61 /* Build configuration list for PBXAggregateTarget "Documentation" */;
			buildPhases = (
				6716974C16CEB11400C15B61 /* ShellScript */,
			);
			dependencies = (
			);
			name = Documentation;
			productName = Documentation;
		};
/* End PBXAggregateTarget section */

/* Begin PBXBuildFile section */
		1F52168116C8FD91001D1A10 /* OAuthPersistenceManager.m in Sources */ = {isa = PBXBuildFile; fileRef = 1F52168016C8FD91001D1A10 /* OAuthPersistenceManager.m */; };
		1F63F8B816C25D2C0077EA2D /* XPAppDelegate.m in Sources */ = {isa = PBXBuildFile; fileRef = 1F63F8B716C25D2C0077EA2D /* XPAppDelegate.m */; };
		1F63F8EE16C3B25B0077EA2D /* Base64Transcoder.c in Sources */ = {isa = PBXBuildFile; fileRef = 1F63F8E516C3B25B0077EA2D /* Base64Transcoder.c */; };
		1F63F8EF16C3B25B0077EA2D /* hmac.c in Sources */ = {isa = PBXBuildFile; fileRef = 1F63F8E716C3B25B0077EA2D /* hmac.c */; };
		1F63F8F016C3B25B0077EA2D /* OAHMAC_SHA1SignatureProvider.m in Sources */ = {isa = PBXBuildFile; fileRef = 1F63F8EA16C3B25B0077EA2D /* OAHMAC_SHA1SignatureProvider.m */; };
		1F63F8F116C3B25B0077EA2D /* sha1.c in Sources */ = {isa = PBXBuildFile; fileRef = 1F63F8EC16C3B25B0077EA2D /* sha1.c */; };
		1F63F8FE16C3B9120077EA2D /* NSString+URLEncoding.m in Sources */ = {isa = PBXBuildFile; fileRef = 1F63F8F916C3B90F0077EA2D /* NSString+URLEncoding.m */; };
		1F63F8FF16C3B9120077EA2D /* OAuth.m in Sources */ = {isa = PBXBuildFile; fileRef = 1F63F8FB16C3B9100077EA2D /* OAuth.m */; };
		1F63F90016C3B9120077EA2D /* OAuthXing.m in Sources */ = {isa = PBXBuildFile; fileRef = 1F63F8FD16C3B9100077EA2D /* OAuthXing.m */; };
		1F63F90216C3FDA00077EA2D /* libz.dylib in Frameworks */ = {isa = PBXBuildFile; fileRef = 1F63F90116C3FDA00077EA2D /* libz.dylib */; };
		1F63F90416C3FDAC0077EA2D /* MobileCoreServices.framework in Frameworks */ = {isa = PBXBuildFile; fileRef = 1F63F90316C3FDAB0077EA2D /* MobileCoreServices.framework */; };
		1F63F90616C3FDB50077EA2D /* Security.framework in Frameworks */ = {isa = PBXBuildFile; fileRef = 1F63F90516C3FDB50077EA2D /* Security.framework */; };
		1F63F90816C3FDBF0077EA2D /* SystemConfiguration.framework in Frameworks */ = {isa = PBXBuildFile; fileRef = 1F63F90716C3FDBE0077EA2D /* SystemConfiguration.framework */; };
		1F63F91A16C44A9B0077EA2D /* Default-568h@2x.png in Resources */ = {isa = PBXBuildFile; fileRef = 1F63F91416C44A9B0077EA2D /* Default-568h@2x.png */; };
		1F63F91B16C44A9B0077EA2D /* Default.png in Resources */ = {isa = PBXBuildFile; fileRef = 1F63F91516C44A9B0077EA2D /* Default.png */; };
		1F63F91C16C44A9B0077EA2D /* Default@2x.png in Resources */ = {isa = PBXBuildFile; fileRef = 1F63F91616C44A9B0077EA2D /* Default@2x.png */; };
		1F63F91D16C44A9B0077EA2D /* main.m in Sources */ = {isa = PBXBuildFile; fileRef = 1F63F91716C44A9B0077EA2D /* main.m */; };
		1F782A4516C6F2D10005DD59 /* OAuthViewController.m in Sources */ = {isa = PBXBuildFile; fileRef = 1F782A4416C6F2D10005DD59 /* OAuthViewController.m */; };
		1F782A4916C6F3BD0005DD59 /* OAuthViewController.xib in Resources */ = {isa = PBXBuildFile; fileRef = 1F782A4816C6F3BD0005DD59 /* OAuthViewController.xib */; };
		1F8EDAAB16CA50AE00CF595A /* OAuthFactory.m in Sources */ = {isa = PBXBuildFile; fileRef = 1F8EDAAA16CA50AE00CF595A /* OAuthFactory.m */; };
		1FC1BB2816C11D5700404E83 /* UIKit.framework in Frameworks */ = {isa = PBXBuildFile; fileRef = 1FC1BB2716C11D5700404E83 /* UIKit.framework */; };
		1FC1BB2A16C11D5700404E83 /* Foundation.framework in Frameworks */ = {isa = PBXBuildFile; fileRef = 1FC1BB2916C11D5700404E83 /* Foundation.framework */; };
		1FC1BB2C16C11D5700404E83 /* CoreGraphics.framework in Frameworks */ = {isa = PBXBuildFile; fileRef = 1FC1BB2B16C11D5700404E83 /* CoreGraphics.framework */; };
		1FC1BB3216C11D5700404E83 /* InfoPlist.strings in Resources */ = {isa = PBXBuildFile; fileRef = 1FC1BB3016C11D5700404E83 /* InfoPlist.strings */; };
		1FC1BB4C16C11D5700404E83 /* SenTestingKit.framework in Frameworks */ = {isa = PBXBuildFile; fileRef = 1FC1BB4B16C11D5700404E83 /* SenTestingKit.framework */; };
		1FC1BB4D16C11D5700404E83 /* UIKit.framework in Frameworks */ = {isa = PBXBuildFile; fileRef = 1FC1BB2716C11D5700404E83 /* UIKit.framework */; };
		1FC1BB4E16C11D5700404E83 /* Foundation.framework in Frameworks */ = {isa = PBXBuildFile; fileRef = 1FC1BB2916C11D5700404E83 /* Foundation.framework */; };
		1FC1BB5616C11D5800404E83 /* InfoPlist.strings in Resources */ = {isa = PBXBuildFile; fileRef = 1FC1BB5416C11D5800404E83 /* InfoPlist.strings */; };
		1FC1BB5916C11D5800404E83 /* XINGPadTests.m in Sources */ = {isa = PBXBuildFile; fileRef = 1FC1BB5816C11D5800404E83 /* XINGPadTests.m */; };
		6716974F16CEC19B00C15B61 /* XPActivity.m in Sources */ = {isa = PBXBuildFile; fileRef = 6716974E16CEC19B00C15B61 /* XPActivity.m */; };
		6716975216CEC19C00C15B61 /* XPObjects.m in Sources */ = {isa = PBXBuildFile; fileRef = 6716975116CEC19C00C15B61 /* XPObjects.m */; };
		6718E16F16C9605E0020BC6D /* XPBookmark.m in Sources */ = {isa = PBXBuildFile; fileRef = 6718E15716C9605E0020BC6D /* XPBookmark.m */; };
		6718E17016C9605E0020BC6D /* XPComment.m in Sources */ = {isa = PBXBuildFile; fileRef = 6718E15916C9605E0020BC6D /* XPComment.m */; };
		6718E17116C9605E0020BC6D /* XPCompanyProfile.m in Sources */ = {isa = PBXBuildFile; fileRef = 6718E15B16C9605E0020BC6D /* XPCompanyProfile.m */; };
		6718E17216C9605E0020BC6D /* XPCompanyProfileUpdate.m in Sources */ = {isa = PBXBuildFile; fileRef = 6718E15D16C9605E0020BC6D /* XPCompanyProfileUpdate.m */; };
		6718E17316C9605E0020BC6D /* XPEvent.m in Sources */ = {isa = PBXBuildFile; fileRef = 6718E15F16C9605E0020BC6D /* XPEvent.m */; };
		6718E17416C9605E0020BC6D /* XPGroup.m in Sources */ = {isa = PBXBuildFile; fileRef = 6718E16116C9605E0020BC6D /* XPGroup.m */; };
		6718E17516C9605E0020BC6D /* XPJobPosting.m in Sources */ = {isa = PBXBuildFile; fileRef = 6718E16316C9605E0020BC6D /* XPJobPosting.m */; };
		6718E17616C9605E0020BC6D /* XPMetaComment.m in Sources */ = {isa = PBXBuildFile; fileRef = 6718E16516C9605E0020BC6D /* XPMetaComment.m */; };
		6718E17716C9605E0020BC6D /* XPMetaLike.m in Sources */ = {isa = PBXBuildFile; fileRef = 6718E16716C9605E0020BC6D /* XPMetaLike.m */; };
		6718E17816C9605E0020BC6D /* XPStatus.m in Sources */ = {isa = PBXBuildFile; fileRef = 6718E16916C9605E0020BC6D /* XPStatus.m */; };
		6718E17916C9605E0020BC6D /* XPThread.m in Sources */ = {isa = PBXBuildFile; fileRef = 6718E16B16C9605E0020BC6D /* XPThread.m */; };
		6718E17A16C9605E0020BC6D /* XPUser.m in Sources */ = {isa = PBXBuildFile; fileRef = 6718E16D16C9605E0020BC6D /* XPUser.m */; };
		67232B5E16C94A2F0010EAE3 /* Xingpad.xcdatamodeld in Sources */ = {isa = PBXBuildFile; fileRef = 67232B5C16C94A2F0010EAE3 /* Xingpad.xcdatamodeld */; };
		6737F67D16C9087400E0F76B /* NSManagedObject+XingAPIAdditions.m in Sources */ = {isa = PBXBuildFile; fileRef = 6737F67816C9087400E0F76B /* NSManagedObject+XingAPIAdditions.m */; };
		6737F67E16C9087400E0F76B /* XPActivity+XPAdditions.m in Sources */ = {isa = PBXBuildFile; fileRef = 6737F67A16C9087400E0F76B /* XPActivity+XPAdditions.m */; };
		6737F67F16C9087400E0F76B /* XPUser+XPAdditions.m in Sources */ = {isa = PBXBuildFile; fileRef = 6737F67C16C9087400E0F76B /* XPUser+XPAdditions.m */; };
		6737F68216C9112E00E0F76B /* NetworkActivity.json in Resources */ = {isa = PBXBuildFile; fileRef = 6737F68116C9112E00E0F76B /* NetworkActivity.json */; };
		6737F68516C9131500E0F76B /* MainWindow.xib in Resources */ = {isa = PBXBuildFile; fileRef = 6737F68416C9131500E0F76B /* MainWindow.xib */; };
		6737F68B16C9136000E0F76B /* XPHomeViewController.m in Sources */ = {isa = PBXBuildFile; fileRef = 6737F68916C9136000E0F76B /* XPHomeViewController.m */; };
		6737F68C16C9136000E0F76B /* XPHomeViewController.xib in Resources */ = {isa = PBXBuildFile; fileRef = 6737F68A16C9136000E0F76B /* XPHomeViewController.xib */; };
		6746213416CD310A00DCA5AD /* libPonyDebugger.a in Frameworks */ = {isa = PBXBuildFile; fileRef = 6746213116CD30F700DCA5AD /* libPonyDebugger.a */; };
		6746213616CD311000DCA5AD /* libSocketRocket.a in Frameworks */ = {isa = PBXBuildFile; fileRef = 6746213516CD311000DCA5AD /* libSocketRocket.a */; };
		6746213816CD319B00DCA5AD /* libicucore.dylib in Frameworks */ = {isa = PBXBuildFile; fileRef = 6746213716CD319B00DCA5AD /* libicucore.dylib */; };
		6746213A16CD31A400DCA5AD /* CFNetwork.framework in Frameworks */ = {isa = PBXBuildFile; fileRef = 6746213916CD31A400DCA5AD /* CFNetwork.framework */; };
		678EE9AE16C83B15008EEA16 /* AFHTTPClient.m in Sources */ = {isa = PBXBuildFile; fileRef = 678EE96F16C83B14008EEA16 /* AFHTTPClient.m */; };
		678EE9AF16C83B15008EEA16 /* AFHTTPRequestOperation.m in Sources */ = {isa = PBXBuildFile; fileRef = 678EE97116C83B14008EEA16 /* AFHTTPRequestOperation.m */; };
		678EE9B016C83B15008EEA16 /* AFImageRequestOperation.m in Sources */ = {isa = PBXBuildFile; fileRef = 678EE97316C83B14008EEA16 /* AFImageRequestOperation.m */; };
		678EE9B116C83B15008EEA16 /* AFJSONRequestOperation.m in Sources */ = {isa = PBXBuildFile; fileRef = 678EE97516C83B14008EEA16 /* AFJSONRequestOperation.m */; };
		678EE9B216C83B15008EEA16 /* AFNetworkActivityIndicatorManager.m in Sources */ = {isa = PBXBuildFile; fileRef = 678EE97716C83B14008EEA16 /* AFNetworkActivityIndicatorManager.m */; };
		678EE9B316C83B15008EEA16 /* AFPropertyListRequestOperation.m in Sources */ = {isa = PBXBuildFile; fileRef = 678EE97A16C83B14008EEA16 /* AFPropertyListRequestOperation.m */; };
		678EE9B416C83B15008EEA16 /* AFURLConnectionOperation.m in Sources */ = {isa = PBXBuildFile; fileRef = 678EE97C16C83B14008EEA16 /* AFURLConnectionOperation.m */; };
		678EE9B516C83B15008EEA16 /* AFXMLRequestOperation.m in Sources */ = {isa = PBXBuildFile; fileRef = 678EE97E16C83B14008EEA16 /* AFXMLRequestOperation.m */; };
		678EE9B616C83B15008EEA16 /* UIImageView+AFNetworking.m in Sources */ = {isa = PBXBuildFile; fileRef = 678EE98016C83B14008EEA16 /* UIImageView+AFNetworking.m */; };
		678EEA0416C83C24008EEA16 /* CoreData.framework in Frameworks */ = {isa = PBXBuildFile; fileRef = 678EEA0316C83C24008EEA16 /* CoreData.framework */; };
		678EEA4116C8448A008EEA16 /* MagicalImportFunctions.m in Sources */ = {isa = PBXBuildFile; fileRef = 678EEA0916C84489008EEA16 /* MagicalImportFunctions.m */; };
		678EEA4216C8448A008EEA16 /* NSAttributeDescription+MagicalDataImport.m in Sources */ = {isa = PBXBuildFile; fileRef = 678EEA0B16C84489008EEA16 /* NSAttributeDescription+MagicalDataImport.m */; };
		678EEA4316C8448A008EEA16 /* NSEntityDescription+MagicalDataImport.m in Sources */ = {isa = PBXBuildFile; fileRef = 678EEA0D16C84489008EEA16 /* NSEntityDescription+MagicalDataImport.m */; };
		678EEA4416C8448A008EEA16 /* NSNumber+MagicalDataImport.m in Sources */ = {isa = PBXBuildFile; fileRef = 678EEA0F16C84489008EEA16 /* NSNumber+MagicalDataImport.m */; };
		678EEA4516C8448A008EEA16 /* NSObject+MagicalDataImport.m in Sources */ = {isa = PBXBuildFile; fileRef = 678EEA1116C84489008EEA16 /* NSObject+MagicalDataImport.m */; };
		678EEA4616C8448A008EEA16 /* NSRelationshipDescription+MagicalDataImport.m in Sources */ = {isa = PBXBuildFile; fileRef = 678EEA1316C84489008EEA16 /* NSRelationshipDescription+MagicalDataImport.m */; };
		678EEA4716C8448A008EEA16 /* NSString+MagicalDataImport.m in Sources */ = {isa = PBXBuildFile; fileRef = 678EEA1516C8448A008EEA16 /* NSString+MagicalDataImport.m */; };
		678EEA4816C8448A008EEA16 /* NSManagedObject+MagicalAggregation.m in Sources */ = {isa = PBXBuildFile; fileRef = 678EEA1816C8448A008EEA16 /* NSManagedObject+MagicalAggregation.m */; };
		678EEA4916C8448A008EEA16 /* NSManagedObject+MagicalDataImport.m in Sources */ = {isa = PBXBuildFile; fileRef = 678EEA1A16C8448A008EEA16 /* NSManagedObject+MagicalDataImport.m */; };
		678EEA4A16C8448A008EEA16 /* NSManagedObject+MagicalFinders.m in Sources */ = {isa = PBXBuildFile; fileRef = 678EEA1C16C8448A008EEA16 /* NSManagedObject+MagicalFinders.m */; };
		678EEA4B16C8448A008EEA16 /* NSManagedObject+MagicalRecord.m in Sources */ = {isa = PBXBuildFile; fileRef = 678EEA1E16C8448A008EEA16 /* NSManagedObject+MagicalRecord.m */; };
		678EEA4C16C8448A008EEA16 /* NSManagedObject+MagicalRequests.m in Sources */ = {isa = PBXBuildFile; fileRef = 678EEA2016C8448A008EEA16 /* NSManagedObject+MagicalRequests.m */; };
		678EEA4D16C8448A008EEA16 /* NSManagedObjectContext+MagicalObserving.m in Sources */ = {isa = PBXBuildFile; fileRef = 678EEA2316C8448A008EEA16 /* NSManagedObjectContext+MagicalObserving.m */; };
		678EEA4E16C8448A008EEA16 /* NSManagedObjectContext+MagicalRecord.m in Sources */ = {isa = PBXBuildFile; fileRef = 678EEA2516C8448A008EEA16 /* NSManagedObjectContext+MagicalRecord.m */; };
		678EEA4F16C8448A008EEA16 /* NSManagedObjectContext+MagicalSaves.m in Sources */ = {isa = PBXBuildFile; fileRef = 678EEA2716C8448A008EEA16 /* NSManagedObjectContext+MagicalSaves.m */; };
		678EEA5016C8448A008EEA16 /* NSManagedObjectContext+MagicalThreading.m in Sources */ = {isa = PBXBuildFile; fileRef = 678EEA2916C8448A008EEA16 /* NSManagedObjectContext+MagicalThreading.m */; };
		678EEA5116C8448A008EEA16 /* NSManagedObjectModel+MagicalRecord.m in Sources */ = {isa = PBXBuildFile; fileRef = 678EEA2B16C8448A008EEA16 /* NSManagedObjectModel+MagicalRecord.m */; };
		678EEA5216C8448A008EEA16 /* NSPersistentStore+MagicalRecord.m in Sources */ = {isa = PBXBuildFile; fileRef = 678EEA2D16C8448A008EEA16 /* NSPersistentStore+MagicalRecord.m */; };
		678EEA5316C8448A008EEA16 /* NSPersistentStoreCoordinator+MagicalRecord.m in Sources */ = {isa = PBXBuildFile; fileRef = 678EEA2F16C8448A008EEA16 /* NSPersistentStoreCoordinator+MagicalRecord.m */; };
		678EEA5416C8448A008EEA16 /* MagicalRecord+Actions.m in Sources */ = {isa = PBXBuildFile; fileRef = 678EEA3216C8448A008EEA16 /* MagicalRecord+Actions.m */; };
		678EEA5516C8448A008EEA16 /* MagicalRecord+ErrorHandling.m in Sources */ = {isa = PBXBuildFile; fileRef = 678EEA3416C8448A008EEA16 /* MagicalRecord+ErrorHandling.m */; };
		678EEA5616C8448A008EEA16 /* MagicalRecord+iCloud.m in Sources */ = {isa = PBXBuildFile; fileRef = 678EEA3616C8448A008EEA16 /* MagicalRecord+iCloud.m */; };
		678EEA5716C8448A008EEA16 /* MagicalRecord+Options.m in Sources */ = {isa = PBXBuildFile; fileRef = 678EEA3816C8448A008EEA16 /* MagicalRecord+Options.m */; };
		678EEA5816C8448A008EEA16 /* MagicalRecord+Setup.m in Sources */ = {isa = PBXBuildFile; fileRef = 678EEA3A16C8448A008EEA16 /* MagicalRecord+Setup.m */; };
		678EEA5916C8448A008EEA16 /* MagicalRecord+ShorthandSupport.m in Sources */ = {isa = PBXBuildFile; fileRef = 678EEA3C16C8448A008EEA16 /* MagicalRecord+ShorthandSupport.m */; };
		678EEA5A16C8448A008EEA16 /* MagicalRecord.m in Sources */ = {isa = PBXBuildFile; fileRef = 678EEA3E16C8448A008EEA16 /* MagicalRecord.m */; };
		67E0AF3A16CE83AC005750E2 /* NSObject+KVOBlockBinding.m in Sources */ = {isa = PBXBuildFile; fileRef = 67E0AF3316CE83AC005750E2 /* NSObject+KVOBlockBinding.m */; };
		67E0AF3B16CE83AC005750E2 /* NSObject+WSKeyPathBinding.m in Sources */ = {isa = PBXBuildFile; fileRef = 67E0AF3516CE83AC005750E2 /* NSObject+WSKeyPathBinding.m */; };
		67E0AF3C16CE83AC005750E2 /* NSObject+WSObservation.m in Sources */ = {isa = PBXBuildFile; fileRef = 67E0AF3716CE83AC005750E2 /* NSObject+WSObservation.m */; };
		67E0AF3D16CE83AC005750E2 /* WSObservationBinding.m in Sources */ = {isa = PBXBuildFile; fileRef = 67E0AF3916CE83AC005750E2 /* WSObservationBinding.m */; };
		67E0AF4016CE8627005750E2 /* NSDictionary+XingAPIAdditions.m in Sources */ = {isa = PBXBuildFile; fileRef = 67E0AF3F16CE8627005750E2 /* NSDictionary+XingAPIAdditions.m */; };
/* End PBXBuildFile section */

/* Begin PBXContainerItemProxy section */
		1FC1BB4F16C11D5800404E83 /* PBXContainerItemProxy */ = {
			isa = PBXContainerItemProxy;
			containerPortal = 1FC1BB1C16C11D5700404E83 /* Project object */;
			proxyType = 1;
			remoteGlobalIDString = 1FC1BB2316C11D5700404E83;
			remoteInfo = XINGPad;
		};
		6746213016CD30F700DCA5AD /* PBXContainerItemProxy */ = {
			isa = PBXContainerItemProxy;
			containerPortal = 6746212B16CD30F600DCA5AD /* PonyDebugger.xcodeproj */;
			proxyType = 2;
			remoteGlobalIDString = F683ADAC14FC1B4C008EBBA7;
			remoteInfo = PonyDebugger;
		};
		6746213216CD310700DCA5AD /* PBXContainerItemProxy */ = {
			isa = PBXContainerItemProxy;
			containerPortal = 6746212B16CD30F600DCA5AD /* PonyDebugger.xcodeproj */;
			proxyType = 1;
			remoteGlobalIDString = F683ADAB14FC1B4C008EBBA7;
			remoteInfo = PonyDebugger;
		};
/* End PBXContainerItemProxy section */

/* Begin PBXFileReference section */
		1F52167F16C8FD91001D1A10 /* OAuthPersistenceManager.h */ = {isa = PBXFileReference; fileEncoding = 4; lastKnownFileType = sourcecode.c.h; path = OAuthPersistenceManager.h; sourceTree = "<group>"; };
		1F52168016C8FD91001D1A10 /* OAuthPersistenceManager.m */ = {isa = PBXFileReference; fileEncoding = 4; lastKnownFileType = sourcecode.c.objc; path = OAuthPersistenceManager.m; sourceTree = "<group>"; };
		1F63F8B616C25D2C0077EA2D /* XPAppDelegate.h */ = {isa = PBXFileReference; fileEncoding = 4; lastKnownFileType = sourcecode.c.h; path = XPAppDelegate.h; sourceTree = "<group>"; };
		1F63F8B716C25D2C0077EA2D /* XPAppDelegate.m */ = {isa = PBXFileReference; fileEncoding = 4; lastKnownFileType = sourcecode.c.objc; path = XPAppDelegate.m; sourceTree = "<group>"; };
		1F63F8DE16C2CD2F0077EA2D /* OAuthConsumerCredentials.h */ = {isa = PBXFileReference; fileEncoding = 4; lastKnownFileType = sourcecode.c.h; path = OAuthConsumerCredentials.h; sourceTree = "<group>"; };
		1F63F8E516C3B25B0077EA2D /* Base64Transcoder.c */ = {isa = PBXFileReference; fileEncoding = 4; lastKnownFileType = sourcecode.c.c; path = Base64Transcoder.c; sourceTree = "<group>"; };
		1F63F8E616C3B25B0077EA2D /* Base64Transcoder.h */ = {isa = PBXFileReference; fileEncoding = 4; lastKnownFileType = sourcecode.c.h; path = Base64Transcoder.h; sourceTree = "<group>"; };
		1F63F8E716C3B25B0077EA2D /* hmac.c */ = {isa = PBXFileReference; fileEncoding = 4; lastKnownFileType = sourcecode.c.c; path = hmac.c; sourceTree = "<group>"; };
		1F63F8E816C3B25B0077EA2D /* hmac.h */ = {isa = PBXFileReference; fileEncoding = 4; lastKnownFileType = sourcecode.c.h; path = hmac.h; sourceTree = "<group>"; };
		1F63F8E916C3B25B0077EA2D /* OAHMAC_SHA1SignatureProvider.h */ = {isa = PBXFileReference; fileEncoding = 4; lastKnownFileType = sourcecode.c.h; path = OAHMAC_SHA1SignatureProvider.h; sourceTree = "<group>"; };
		1F63F8EA16C3B25B0077EA2D /* OAHMAC_SHA1SignatureProvider.m */ = {isa = PBXFileReference; fileEncoding = 4; lastKnownFileType = sourcecode.c.objc; path = OAHMAC_SHA1SignatureProvider.m; sourceTree = "<group>"; };
		1F63F8EB16C3B25B0077EA2D /* OASignatureProviding.h */ = {isa = PBXFileReference; fileEncoding = 4; lastKnownFileType = sourcecode.c.h; path = OASignatureProviding.h; sourceTree = "<group>"; };
		1F63F8EC16C3B25B0077EA2D /* sha1.c */ = {isa = PBXFileReference; fileEncoding = 4; lastKnownFileType = sourcecode.c.c; path = sha1.c; sourceTree = "<group>"; };
		1F63F8ED16C3B25B0077EA2D /* sha1.h */ = {isa = PBXFileReference; fileEncoding = 4; lastKnownFileType = sourcecode.c.h; path = sha1.h; sourceTree = "<group>"; };
		1F63F8F316C3B4520077EA2D /* OAuthLoginPopupDelegate.h */ = {isa = PBXFileReference; fileEncoding = 4; lastKnownFileType = sourcecode.c.h; path = OAuthLoginPopupDelegate.h; sourceTree = "<group>"; };
		1F63F8F616C3B8E30077EA2D /* OAuthXingCallbacks.h */ = {isa = PBXFileReference; fileEncoding = 4; lastKnownFileType = sourcecode.c.h; path = OAuthXingCallbacks.h; sourceTree = "<group>"; };
		1F63F8F716C3B8E30077EA2D /* XingLoginUiFeedback.h */ = {isa = PBXFileReference; fileEncoding = 4; lastKnownFileType = sourcecode.c.h; path = XingLoginUiFeedback.h; sourceTree = "<group>"; };
		1F63F8F816C3B90F0077EA2D /* NSString+URLEncoding.h */ = {isa = PBXFileReference; fileEncoding = 4; lastKnownFileType = sourcecode.c.h; path = "NSString+URLEncoding.h"; sourceTree = "<group>"; };
		1F63F8F916C3B90F0077EA2D /* NSString+URLEncoding.m */ = {isa = PBXFileReference; fileEncoding = 4; lastKnownFileType = sourcecode.c.objc; path = "NSString+URLEncoding.m"; sourceTree = "<group>"; };
		1F63F8FA16C3B90F0077EA2D /* OAuth.h */ = {isa = PBXFileReference; fileEncoding = 4; lastKnownFileType = sourcecode.c.h; path = OAuth.h; sourceTree = "<group>"; };
		1F63F8FB16C3B9100077EA2D /* OAuth.m */ = {isa = PBXFileReference; fileEncoding = 4; lastKnownFileType = sourcecode.c.objc; path = OAuth.m; sourceTree = "<group>"; };
		1F63F8FC16C3B9100077EA2D /* OAuthXing.h */ = {isa = PBXFileReference; fileEncoding = 4; lastKnownFileType = sourcecode.c.h; path = OAuthXing.h; sourceTree = "<group>"; };
		1F63F8FD16C3B9100077EA2D /* OAuthXing.m */ = {isa = PBXFileReference; fileEncoding = 4; lastKnownFileType = sourcecode.c.objc; path = OAuthXing.m; sourceTree = "<group>"; };
		1F63F90116C3FDA00077EA2D /* libz.dylib */ = {isa = PBXFileReference; lastKnownFileType = "compiled.mach-o.dylib"; name = libz.dylib; path = usr/lib/libz.dylib; sourceTree = SDKROOT; };
		1F63F90316C3FDAB0077EA2D /* MobileCoreServices.framework */ = {isa = PBXFileReference; lastKnownFileType = wrapper.framework; name = MobileCoreServices.framework; path = System/Library/Frameworks/MobileCoreServices.framework; sourceTree = SDKROOT; };
		1F63F90516C3FDB50077EA2D /* Security.framework */ = {isa = PBXFileReference; lastKnownFileType = wrapper.framework; name = Security.framework; path = System/Library/Frameworks/Security.framework; sourceTree = SDKROOT; };
		1F63F90716C3FDBE0077EA2D /* SystemConfiguration.framework */ = {isa = PBXFileReference; lastKnownFileType = wrapper.framework; name = SystemConfiguration.framework; path = System/Library/Frameworks/SystemConfiguration.framework; sourceTree = SDKROOT; };
		1F63F91416C44A9B0077EA2D /* Default-568h@2x.png */ = {isa = PBXFileReference; lastKnownFileType = image.png; path = "Default-568h@2x.png"; sourceTree = "<group>"; };
		1F63F91516C44A9B0077EA2D /* Default.png */ = {isa = PBXFileReference; lastKnownFileType = image.png; path = Default.png; sourceTree = "<group>"; };
		1F63F91616C44A9B0077EA2D /* Default@2x.png */ = {isa = PBXFileReference; lastKnownFileType = image.png; path = "Default@2x.png"; sourceTree = "<group>"; };
		1F63F91716C44A9B0077EA2D /* main.m */ = {isa = PBXFileReference; fileEncoding = 4; lastKnownFileType = sourcecode.c.objc; path = main.m; sourceTree = "<group>"; };
		1F63F91816C44A9B0077EA2D /* XINGPad-Info.plist */ = {isa = PBXFileReference; fileEncoding = 4; lastKnownFileType = text.plist.xml; path = "XINGPad-Info.plist"; sourceTree = "<group>"; };
		1F63F91916C44A9B0077EA2D /* XINGPad-Prefix.pch */ = {isa = PBXFileReference; fileEncoding = 4; lastKnownFileType = sourcecode.c.h; path = "XINGPad-Prefix.pch"; sourceTree = "<group>"; };
		1F782A4316C6F2D10005DD59 /* OAuthViewController.h */ = {isa = PBXFileReference; fileEncoding = 4; lastKnownFileType = sourcecode.c.h; path = OAuthViewController.h; sourceTree = "<group>"; };
		1F782A4416C6F2D10005DD59 /* OAuthViewController.m */ = {isa = PBXFileReference; fileEncoding = 4; lastKnownFileType = sourcecode.c.objc; path = OAuthViewController.m; sourceTree = "<group>"; };
		1F782A4816C6F3BD0005DD59 /* OAuthViewController.xib */ = {isa = PBXFileReference; fileEncoding = 4; lastKnownFileType = file.xib; path = OAuthViewController.xib; sourceTree = "<group>"; };
		1F8EDAA916CA50AE00CF595A /* OAuthFactory.h */ = {isa = PBXFileReference; fileEncoding = 4; lastKnownFileType = sourcecode.c.h; path = OAuthFactory.h; sourceTree = "<group>"; };
		1F8EDAAA16CA50AE00CF595A /* OAuthFactory.m */ = {isa = PBXFileReference; fileEncoding = 4; lastKnownFileType = sourcecode.c.objc; path = OAuthFactory.m; sourceTree = "<group>"; };
		1FB0E62216CE48C200575117 /* OAuthAuthorizationCallbacks.h */ = {isa = PBXFileReference; fileEncoding = 4; lastKnownFileType = sourcecode.c.h; path = OAuthAuthorizationCallbacks.h; sourceTree = "<group>"; };
		1FC1BB2416C11D5700404E83 /* XINGPad.app */ = {isa = PBXFileReference; explicitFileType = wrapper.application; includeInIndex = 0; path = XINGPad.app; sourceTree = BUILT_PRODUCTS_DIR; };
		1FC1BB2716C11D5700404E83 /* UIKit.framework */ = {isa = PBXFileReference; lastKnownFileType = wrapper.framework; name = UIKit.framework; path = System/Library/Frameworks/UIKit.framework; sourceTree = SDKROOT; };
		1FC1BB2916C11D5700404E83 /* Foundation.framework */ = {isa = PBXFileReference; lastKnownFileType = wrapper.framework; name = Foundation.framework; path = System/Library/Frameworks/Foundation.framework; sourceTree = SDKROOT; };
		1FC1BB2B16C11D5700404E83 /* CoreGraphics.framework */ = {isa = PBXFileReference; lastKnownFileType = wrapper.framework; name = CoreGraphics.framework; path = System/Library/Frameworks/CoreGraphics.framework; sourceTree = SDKROOT; };
		1FC1BB3116C11D5700404E83 /* en */ = {isa = PBXFileReference; lastKnownFileType = text.plist.strings; name = en; path = en.lproj/InfoPlist.strings; sourceTree = "<group>"; };
		1FC1BB4A16C11D5700404E83 /* XINGPadTests.octest */ = {isa = PBXFileReference; explicitFileType = wrapper.cfbundle; includeInIndex = 0; path = XINGPadTests.octest; sourceTree = BUILT_PRODUCTS_DIR; };
		1FC1BB4B16C11D5700404E83 /* SenTestingKit.framework */ = {isa = PBXFileReference; lastKnownFileType = wrapper.framework; name = SenTestingKit.framework; path = Library/Frameworks/SenTestingKit.framework; sourceTree = DEVELOPER_DIR; };
		1FC1BB5316C11D5800404E83 /* XINGPadTests-Info.plist */ = {isa = PBXFileReference; lastKnownFileType = text.plist.xml; path = "XINGPadTests-Info.plist"; sourceTree = "<group>"; };
		1FC1BB5516C11D5800404E83 /* en */ = {isa = PBXFileReference; lastKnownFileType = text.plist.strings; name = en; path = en.lproj/InfoPlist.strings; sourceTree = "<group>"; };
		1FC1BB5716C11D5800404E83 /* XINGPadTests.h */ = {isa = PBXFileReference; lastKnownFileType = sourcecode.c.h; path = XINGPadTests.h; sourceTree = "<group>"; };
		1FC1BB5816C11D5800404E83 /* XINGPadTests.m */ = {isa = PBXFileReference; lastKnownFileType = sourcecode.c.objc; path = XINGPadTests.m; sourceTree = "<group>"; };
		6716974D16CEC19B00C15B61 /* XPActivity.h */ = {isa = PBXFileReference; fileEncoding = 4; lastKnownFileType = sourcecode.c.h; path = XPActivity.h; sourceTree = "<group>"; };
		6716974E16CEC19B00C15B61 /* XPActivity.m */ = {isa = PBXFileReference; fileEncoding = 4; lastKnownFileType = sourcecode.c.objc; path = XPActivity.m; sourceTree = "<group>"; };
		6716975016CEC19C00C15B61 /* XPObjects.h */ = {isa = PBXFileReference; fileEncoding = 4; lastKnownFileType = sourcecode.c.h; path = XPObjects.h; sourceTree = "<group>"; };
		6716975116CEC19C00C15B61 /* XPObjects.m */ = {isa = PBXFileReference; fileEncoding = 4; lastKnownFileType = sourcecode.c.objc; path = XPObjects.m; sourceTree = "<group>"; };
		6718E15616C9605E0020BC6D /* XPBookmark.h */ = {isa = PBXFileReference; fileEncoding = 4; lastKnownFileType = sourcecode.c.h; path = XPBookmark.h; sourceTree = "<group>"; };
		6718E15716C9605E0020BC6D /* XPBookmark.m */ = {isa = PBXFileReference; fileEncoding = 4; lastKnownFileType = sourcecode.c.objc; path = XPBookmark.m; sourceTree = "<group>"; };
		6718E15816C9605E0020BC6D /* XPComment.h */ = {isa = PBXFileReference; fileEncoding = 4; lastKnownFileType = sourcecode.c.h; path = XPComment.h; sourceTree = "<group>"; };
		6718E15916C9605E0020BC6D /* XPComment.m */ = {isa = PBXFileReference; fileEncoding = 4; lastKnownFileType = sourcecode.c.objc; path = XPComment.m; sourceTree = "<group>"; };
		6718E15A16C9605E0020BC6D /* XPCompanyProfile.h */ = {isa = PBXFileReference; fileEncoding = 4; lastKnownFileType = sourcecode.c.h; path = XPCompanyProfile.h; sourceTree = "<group>"; };
		6718E15B16C9605E0020BC6D /* XPCompanyProfile.m */ = {isa = PBXFileReference; fileEncoding = 4; lastKnownFileType = sourcecode.c.objc; path = XPCompanyProfile.m; sourceTree = "<group>"; };
		6718E15C16C9605E0020BC6D /* XPCompanyProfileUpdate.h */ = {isa = PBXFileReference; fileEncoding = 4; lastKnownFileType = sourcecode.c.h; path = XPCompanyProfileUpdate.h; sourceTree = "<group>"; };
		6718E15D16C9605E0020BC6D /* XPCompanyProfileUpdate.m */ = {isa = PBXFileReference; fileEncoding = 4; lastKnownFileType = sourcecode.c.objc; path = XPCompanyProfileUpdate.m; sourceTree = "<group>"; };
		6718E15E16C9605E0020BC6D /* XPEvent.h */ = {isa = PBXFileReference; fileEncoding = 4; lastKnownFileType = sourcecode.c.h; path = XPEvent.h; sourceTree = "<group>"; };
		6718E15F16C9605E0020BC6D /* XPEvent.m */ = {isa = PBXFileReference; fileEncoding = 4; lastKnownFileType = sourcecode.c.objc; path = XPEvent.m; sourceTree = "<group>"; };
		6718E16016C9605E0020BC6D /* XPGroup.h */ = {isa = PBXFileReference; fileEncoding = 4; lastKnownFileType = sourcecode.c.h; path = XPGroup.h; sourceTree = "<group>"; };
		6718E16116C9605E0020BC6D /* XPGroup.m */ = {isa = PBXFileReference; fileEncoding = 4; lastKnownFileType = sourcecode.c.objc; path = XPGroup.m; sourceTree = "<group>"; };
		6718E16216C9605E0020BC6D /* XPJobPosting.h */ = {isa = PBXFileReference; fileEncoding = 4; lastKnownFileType = sourcecode.c.h; path = XPJobPosting.h; sourceTree = "<group>"; };
		6718E16316C9605E0020BC6D /* XPJobPosting.m */ = {isa = PBXFileReference; fileEncoding = 4; lastKnownFileType = sourcecode.c.objc; path = XPJobPosting.m; sourceTree = "<group>"; };
		6718E16416C9605E0020BC6D /* XPMetaComment.h */ = {isa = PBXFileReference; fileEncoding = 4; lastKnownFileType = sourcecode.c.h; path = XPMetaComment.h; sourceTree = "<group>"; };
		6718E16516C9605E0020BC6D /* XPMetaComment.m */ = {isa = PBXFileReference; fileEncoding = 4; lastKnownFileType = sourcecode.c.objc; path = XPMetaComment.m; sourceTree = "<group>"; };
		6718E16616C9605E0020BC6D /* XPMetaLike.h */ = {isa = PBXFileReference; fileEncoding = 4; lastKnownFileType = sourcecode.c.h; path = XPMetaLike.h; sourceTree = "<group>"; };
		6718E16716C9605E0020BC6D /* XPMetaLike.m */ = {isa = PBXFileReference; fileEncoding = 4; lastKnownFileType = sourcecode.c.objc; path = XPMetaLike.m; sourceTree = "<group>"; };
		6718E16816C9605E0020BC6D /* XPStatus.h */ = {isa = PBXFileReference; fileEncoding = 4; lastKnownFileType = sourcecode.c.h; path = XPStatus.h; sourceTree = "<group>"; };
		6718E16916C9605E0020BC6D /* XPStatus.m */ = {isa = PBXFileReference; fileEncoding = 4; lastKnownFileType = sourcecode.c.objc; path = XPStatus.m; sourceTree = "<group>"; };
		6718E16A16C9605E0020BC6D /* XPThread.h */ = {isa = PBXFileReference; fileEncoding = 4; lastKnownFileType = sourcecode.c.h; path = XPThread.h; sourceTree = "<group>"; };
		6718E16B16C9605E0020BC6D /* XPThread.m */ = {isa = PBXFileReference; fileEncoding = 4; lastKnownFileType = sourcecode.c.objc; path = XPThread.m; sourceTree = "<group>"; };
		6718E16C16C9605E0020BC6D /* XPUser.h */ = {isa = PBXFileReference; fileEncoding = 4; lastKnownFileType = sourcecode.c.h; path = XPUser.h; sourceTree = "<group>"; };
		6718E16D16C9605E0020BC6D /* XPUser.m */ = {isa = PBXFileReference; fileEncoding = 4; lastKnownFileType = sourcecode.c.objc; path = XPUser.m; sourceTree = "<group>"; };
		67232B5D16C94A2F0010EAE3 /* Xingpad.xcdatamodel */ = {isa = PBXFileReference; lastKnownFileType = wrapper.xcdatamodel; path = Xingpad.xcdatamodel; sourceTree = "<group>"; };
		6737F67716C9087400E0F76B /* NSManagedObject+XingAPIAdditions.h */ = {isa = PBXFileReference; fileEncoding = 4; lastKnownFileType = sourcecode.c.h; path = "NSManagedObject+XingAPIAdditions.h"; sourceTree = "<group>"; };
		6737F67816C9087400E0F76B /* NSManagedObject+XingAPIAdditions.m */ = {isa = PBXFileReference; fileEncoding = 4; lastKnownFileType = sourcecode.c.objc; path = "NSManagedObject+XingAPIAdditions.m"; sourceTree = "<group>"; };
		6737F67916C9087400E0F76B /* XPActivity+XPAdditions.h */ = {isa = PBXFileReference; fileEncoding = 4; lastKnownFileType = sourcecode.c.h; path = "XPActivity+XPAdditions.h"; sourceTree = "<group>"; };
		6737F67A16C9087400E0F76B /* XPActivity+XPAdditions.m */ = {isa = PBXFileReference; fileEncoding = 4; lastKnownFileType = sourcecode.c.objc; path = "XPActivity+XPAdditions.m"; sourceTree = "<group>"; };
		6737F67B16C9087400E0F76B /* XPUser+XPAdditions.h */ = {isa = PBXFileReference; fileEncoding = 4; lastKnownFileType = sourcecode.c.h; path = "XPUser+XPAdditions.h"; sourceTree = "<group>"; };
		6737F67C16C9087400E0F76B /* XPUser+XPAdditions.m */ = {isa = PBXFileReference; fileEncoding = 4; lastKnownFileType = sourcecode.c.objc; path = "XPUser+XPAdditions.m"; sourceTree = "<group>"; };
		6737F68116C9112E00E0F76B /* NetworkActivity.json */ = {isa = PBXFileReference; fileEncoding = 4; lastKnownFileType = text.json; path = NetworkActivity.json; sourceTree = "<group>"; };
		6737F68416C9131500E0F76B /* MainWindow.xib */ = {isa = PBXFileReference; fileEncoding = 4; lastKnownFileType = file.xib; path = MainWindow.xib; sourceTree = "<group>"; };
		6737F68816C9136000E0F76B /* XPHomeViewController.h */ = {isa = PBXFileReference; fileEncoding = 4; lastKnownFileType = sourcecode.c.h; name = XPHomeViewController.h; path = XPHomeViewController/XPHomeViewController.h; sourceTree = "<group>"; };
		6737F68916C9136000E0F76B /* XPHomeViewController.m */ = {isa = PBXFileReference; fileEncoding = 4; lastKnownFileType = sourcecode.c.objc; name = XPHomeViewController.m; path = XPHomeViewController/XPHomeViewController.m; sourceTree = "<group>"; };
		6737F68A16C9136000E0F76B /* XPHomeViewController.xib */ = {isa = PBXFileReference; fileEncoding = 4; lastKnownFileType = file.xib; name = XPHomeViewController.xib; path = XPHomeViewController/XPHomeViewController.xib; sourceTree = "<group>"; };
		6746212B16CD30F600DCA5AD /* PonyDebugger.xcodeproj */ = {isa = PBXFileReference; lastKnownFileType = "wrapper.pb-project"; name = PonyDebugger.xcodeproj; path = PonyDebugger/ObjC/PonyDebugger.xcodeproj; sourceTree = "<group>"; };
		6746213516CD311000DCA5AD /* libSocketRocket.a */ = {isa = PBXFileReference; lastKnownFileType = archive.ar; name = libSocketRocket.a; path = "Vendor/Frameworks/PonyDebugger/ObjC/SocketRocket/build/Release-iphoneos/libSocketRocket.a"; sourceTree = "<group>"; };
		6746213716CD319B00DCA5AD /* libicucore.dylib */ = {isa = PBXFileReference; lastKnownFileType = "compiled.mach-o.dylib"; name = libicucore.dylib; path = usr/lib/libicucore.dylib; sourceTree = SDKROOT; };
		6746213916CD31A400DCA5AD /* CFNetwork.framework */ = {isa = PBXFileReference; lastKnownFileType = wrapper.framework; name = CFNetwork.framework; path = System/Library/Frameworks/CFNetwork.framework; sourceTree = SDKROOT; };
		678EE96E16C83B14008EEA16 /* AFHTTPClient.h */ = {isa = PBXFileReference; fileEncoding = 4; lastKnownFileType = sourcecode.c.h; name = AFHTTPClient.h; path = AFNetworking/AFHTTPClient.h; sourceTree = "<group>"; };
		678EE96F16C83B14008EEA16 /* AFHTTPClient.m */ = {isa = PBXFileReference; fileEncoding = 4; lastKnownFileType = sourcecode.c.objc; name = AFHTTPClient.m; path = AFNetworking/AFHTTPClient.m; sourceTree = "<group>"; };
		678EE97016C83B14008EEA16 /* AFHTTPRequestOperation.h */ = {isa = PBXFileReference; fileEncoding = 4; lastKnownFileType = sourcecode.c.h; name = AFHTTPRequestOperation.h; path = AFNetworking/AFHTTPRequestOperation.h; sourceTree = "<group>"; };
		678EE97116C83B14008EEA16 /* AFHTTPRequestOperation.m */ = {isa = PBXFileReference; fileEncoding = 4; lastKnownFileType = sourcecode.c.objc; name = AFHTTPRequestOperation.m; path = AFNetworking/AFHTTPRequestOperation.m; sourceTree = "<group>"; };
		678EE97216C83B14008EEA16 /* AFImageRequestOperation.h */ = {isa = PBXFileReference; fileEncoding = 4; lastKnownFileType = sourcecode.c.h; name = AFImageRequestOperation.h; path = AFNetworking/AFImageRequestOperation.h; sourceTree = "<group>"; };
		678EE97316C83B14008EEA16 /* AFImageRequestOperation.m */ = {isa = PBXFileReference; fileEncoding = 4; lastKnownFileType = sourcecode.c.objc; name = AFImageRequestOperation.m; path = AFNetworking/AFImageRequestOperation.m; sourceTree = "<group>"; };
		678EE97416C83B14008EEA16 /* AFJSONRequestOperation.h */ = {isa = PBXFileReference; fileEncoding = 4; lastKnownFileType = sourcecode.c.h; name = AFJSONRequestOperation.h; path = AFNetworking/AFJSONRequestOperation.h; sourceTree = "<group>"; };
		678EE97516C83B14008EEA16 /* AFJSONRequestOperation.m */ = {isa = PBXFileReference; fileEncoding = 4; lastKnownFileType = sourcecode.c.objc; name = AFJSONRequestOperation.m; path = AFNetworking/AFJSONRequestOperation.m; sourceTree = "<group>"; };
		678EE97616C83B14008EEA16 /* AFNetworkActivityIndicatorManager.h */ = {isa = PBXFileReference; fileEncoding = 4; lastKnownFileType = sourcecode.c.h; name = AFNetworkActivityIndicatorManager.h; path = AFNetworking/AFNetworkActivityIndicatorManager.h; sourceTree = "<group>"; };
		678EE97716C83B14008EEA16 /* AFNetworkActivityIndicatorManager.m */ = {isa = PBXFileReference; fileEncoding = 4; lastKnownFileType = sourcecode.c.objc; name = AFNetworkActivityIndicatorManager.m; path = AFNetworking/AFNetworkActivityIndicatorManager.m; sourceTree = "<group>"; };
		678EE97816C83B14008EEA16 /* AFNetworking.h */ = {isa = PBXFileReference; fileEncoding = 4; lastKnownFileType = sourcecode.c.h; name = AFNetworking.h; path = AFNetworking/AFNetworking.h; sourceTree = "<group>"; };
		678EE97916C83B14008EEA16 /* AFPropertyListRequestOperation.h */ = {isa = PBXFileReference; fileEncoding = 4; lastKnownFileType = sourcecode.c.h; name = AFPropertyListRequestOperation.h; path = AFNetworking/AFPropertyListRequestOperation.h; sourceTree = "<group>"; };
		678EE97A16C83B14008EEA16 /* AFPropertyListRequestOperation.m */ = {isa = PBXFileReference; fileEncoding = 4; lastKnownFileType = sourcecode.c.objc; name = AFPropertyListRequestOperation.m; path = AFNetworking/AFPropertyListRequestOperation.m; sourceTree = "<group>"; };
		678EE97B16C83B14008EEA16 /* AFURLConnectionOperation.h */ = {isa = PBXFileReference; fileEncoding = 4; lastKnownFileType = sourcecode.c.h; name = AFURLConnectionOperation.h; path = AFNetworking/AFURLConnectionOperation.h; sourceTree = "<group>"; };
		678EE97C16C83B14008EEA16 /* AFURLConnectionOperation.m */ = {isa = PBXFileReference; fileEncoding = 4; lastKnownFileType = sourcecode.c.objc; name = AFURLConnectionOperation.m; path = AFNetworking/AFURLConnectionOperation.m; sourceTree = "<group>"; };
		678EE97D16C83B14008EEA16 /* AFXMLRequestOperation.h */ = {isa = PBXFileReference; fileEncoding = 4; lastKnownFileType = sourcecode.c.h; name = AFXMLRequestOperation.h; path = AFNetworking/AFXMLRequestOperation.h; sourceTree = "<group>"; };
		678EE97E16C83B14008EEA16 /* AFXMLRequestOperation.m */ = {isa = PBXFileReference; fileEncoding = 4; lastKnownFileType = sourcecode.c.objc; name = AFXMLRequestOperation.m; path = AFNetworking/AFXMLRequestOperation.m; sourceTree = "<group>"; };
		678EE97F16C83B14008EEA16 /* UIImageView+AFNetworking.h */ = {isa = PBXFileReference; fileEncoding = 4; lastKnownFileType = sourcecode.c.h; name = "UIImageView+AFNetworking.h"; path = "AFNetworking/UIImageView+AFNetworking.h"; sourceTree = "<group>"; };
		678EE98016C83B14008EEA16 /* UIImageView+AFNetworking.m */ = {isa = PBXFileReference; fileEncoding = 4; lastKnownFileType = sourcecode.c.objc; name = "UIImageView+AFNetworking.m"; path = "AFNetworking/UIImageView+AFNetworking.m"; sourceTree = "<group>"; };
		678EEA0316C83C24008EEA16 /* CoreData.framework */ = {isa = PBXFileReference; lastKnownFileType = wrapper.framework; name = CoreData.framework; path = System/Library/Frameworks/CoreData.framework; sourceTree = SDKROOT; };
		678EEA0816C84489008EEA16 /* MagicalImportFunctions.h */ = {isa = PBXFileReference; fileEncoding = 4; lastKnownFileType = sourcecode.c.h; path = MagicalImportFunctions.h; sourceTree = "<group>"; };
		678EEA0916C84489008EEA16 /* MagicalImportFunctions.m */ = {isa = PBXFileReference; fileEncoding = 4; lastKnownFileType = sourcecode.c.objc; path = MagicalImportFunctions.m; sourceTree = "<group>"; };
		678EEA0A16C84489008EEA16 /* NSAttributeDescription+MagicalDataImport.h */ = {isa = PBXFileReference; fileEncoding = 4; lastKnownFileType = sourcecode.c.h; path = "NSAttributeDescription+MagicalDataImport.h"; sourceTree = "<group>"; };
		678EEA0B16C84489008EEA16 /* NSAttributeDescription+MagicalDataImport.m */ = {isa = PBXFileReference; fileEncoding = 4; lastKnownFileType = sourcecode.c.objc; path = "NSAttributeDescription+MagicalDataImport.m"; sourceTree = "<group>"; };
		678EEA0C16C84489008EEA16 /* NSEntityDescription+MagicalDataImport.h */ = {isa = PBXFileReference; fileEncoding = 4; lastKnownFileType = sourcecode.c.h; path = "NSEntityDescription+MagicalDataImport.h"; sourceTree = "<group>"; };
		678EEA0D16C84489008EEA16 /* NSEntityDescription+MagicalDataImport.m */ = {isa = PBXFileReference; fileEncoding = 4; lastKnownFileType = sourcecode.c.objc; path = "NSEntityDescription+MagicalDataImport.m"; sourceTree = "<group>"; };
		678EEA0E16C84489008EEA16 /* NSNumber+MagicalDataImport.h */ = {isa = PBXFileReference; fileEncoding = 4; lastKnownFileType = sourcecode.c.h; path = "NSNumber+MagicalDataImport.h"; sourceTree = "<group>"; };
		678EEA0F16C84489008EEA16 /* NSNumber+MagicalDataImport.m */ = {isa = PBXFileReference; fileEncoding = 4; lastKnownFileType = sourcecode.c.objc; path = "NSNumber+MagicalDataImport.m"; sourceTree = "<group>"; };
		678EEA1016C84489008EEA16 /* NSObject+MagicalDataImport.h */ = {isa = PBXFileReference; fileEncoding = 4; lastKnownFileType = sourcecode.c.h; path = "NSObject+MagicalDataImport.h"; sourceTree = "<group>"; };
		678EEA1116C84489008EEA16 /* NSObject+MagicalDataImport.m */ = {isa = PBXFileReference; fileEncoding = 4; lastKnownFileType = sourcecode.c.objc; path = "NSObject+MagicalDataImport.m"; sourceTree = "<group>"; };
		678EEA1216C84489008EEA16 /* NSRelationshipDescription+MagicalDataImport.h */ = {isa = PBXFileReference; fileEncoding = 4; lastKnownFileType = sourcecode.c.h; path = "NSRelationshipDescription+MagicalDataImport.h"; sourceTree = "<group>"; };
		678EEA1316C84489008EEA16 /* NSRelationshipDescription+MagicalDataImport.m */ = {isa = PBXFileReference; fileEncoding = 4; lastKnownFileType = sourcecode.c.objc; path = "NSRelationshipDescription+MagicalDataImport.m"; sourceTree = "<group>"; };
		678EEA1416C8448A008EEA16 /* NSString+MagicalDataImport.h */ = {isa = PBXFileReference; fileEncoding = 4; lastKnownFileType = sourcecode.c.h; path = "NSString+MagicalDataImport.h"; sourceTree = "<group>"; };
		678EEA1516C8448A008EEA16 /* NSString+MagicalDataImport.m */ = {isa = PBXFileReference; fileEncoding = 4; lastKnownFileType = sourcecode.c.objc; path = "NSString+MagicalDataImport.m"; sourceTree = "<group>"; };
		678EEA1716C8448A008EEA16 /* NSManagedObject+MagicalAggregation.h */ = {isa = PBXFileReference; fileEncoding = 4; lastKnownFileType = sourcecode.c.h; path = "NSManagedObject+MagicalAggregation.h"; sourceTree = "<group>"; };
		678EEA1816C8448A008EEA16 /* NSManagedObject+MagicalAggregation.m */ = {isa = PBXFileReference; fileEncoding = 4; lastKnownFileType = sourcecode.c.objc; path = "NSManagedObject+MagicalAggregation.m"; sourceTree = "<group>"; };
		678EEA1916C8448A008EEA16 /* NSManagedObject+MagicalDataImport.h */ = {isa = PBXFileReference; fileEncoding = 4; lastKnownFileType = sourcecode.c.h; path = "NSManagedObject+MagicalDataImport.h"; sourceTree = "<group>"; };
		678EEA1A16C8448A008EEA16 /* NSManagedObject+MagicalDataImport.m */ = {isa = PBXFileReference; fileEncoding = 4; lastKnownFileType = sourcecode.c.objc; path = "NSManagedObject+MagicalDataImport.m"; sourceTree = "<group>"; };
		678EEA1B16C8448A008EEA16 /* NSManagedObject+MagicalFinders.h */ = {isa = PBXFileReference; fileEncoding = 4; lastKnownFileType = sourcecode.c.h; path = "NSManagedObject+MagicalFinders.h"; sourceTree = "<group>"; };
		678EEA1C16C8448A008EEA16 /* NSManagedObject+MagicalFinders.m */ = {isa = PBXFileReference; fileEncoding = 4; lastKnownFileType = sourcecode.c.objc; path = "NSManagedObject+MagicalFinders.m"; sourceTree = "<group>"; };
		678EEA1D16C8448A008EEA16 /* NSManagedObject+MagicalRecord.h */ = {isa = PBXFileReference; fileEncoding = 4; lastKnownFileType = sourcecode.c.h; path = "NSManagedObject+MagicalRecord.h"; sourceTree = "<group>"; };
		678EEA1E16C8448A008EEA16 /* NSManagedObject+MagicalRecord.m */ = {isa = PBXFileReference; fileEncoding = 4; lastKnownFileType = sourcecode.c.objc; path = "NSManagedObject+MagicalRecord.m"; sourceTree = "<group>"; };
		678EEA1F16C8448A008EEA16 /* NSManagedObject+MagicalRequests.h */ = {isa = PBXFileReference; fileEncoding = 4; lastKnownFileType = sourcecode.c.h; path = "NSManagedObject+MagicalRequests.h"; sourceTree = "<group>"; };
		678EEA2016C8448A008EEA16 /* NSManagedObject+MagicalRequests.m */ = {isa = PBXFileReference; fileEncoding = 4; lastKnownFileType = sourcecode.c.objc; path = "NSManagedObject+MagicalRequests.m"; sourceTree = "<group>"; };
		678EEA2216C8448A008EEA16 /* NSManagedObjectContext+MagicalObserving.h */ = {isa = PBXFileReference; fileEncoding = 4; lastKnownFileType = sourcecode.c.h; path = "NSManagedObjectContext+MagicalObserving.h"; sourceTree = "<group>"; };
		678EEA2316C8448A008EEA16 /* NSManagedObjectContext+MagicalObserving.m */ = {isa = PBXFileReference; fileEncoding = 4; lastKnownFileType = sourcecode.c.objc; path = "NSManagedObjectContext+MagicalObserving.m"; sourceTree = "<group>"; };
		678EEA2416C8448A008EEA16 /* NSManagedObjectContext+MagicalRecord.h */ = {isa = PBXFileReference; fileEncoding = 4; lastKnownFileType = sourcecode.c.h; path = "NSManagedObjectContext+MagicalRecord.h"; sourceTree = "<group>"; };
		678EEA2516C8448A008EEA16 /* NSManagedObjectContext+MagicalRecord.m */ = {isa = PBXFileReference; fileEncoding = 4; lastKnownFileType = sourcecode.c.objc; path = "NSManagedObjectContext+MagicalRecord.m"; sourceTree = "<group>"; };
		678EEA2616C8448A008EEA16 /* NSManagedObjectContext+MagicalSaves.h */ = {isa = PBXFileReference; fileEncoding = 4; lastKnownFileType = sourcecode.c.h; path = "NSManagedObjectContext+MagicalSaves.h"; sourceTree = "<group>"; };
		678EEA2716C8448A008EEA16 /* NSManagedObjectContext+MagicalSaves.m */ = {isa = PBXFileReference; fileEncoding = 4; lastKnownFileType = sourcecode.c.objc; path = "NSManagedObjectContext+MagicalSaves.m"; sourceTree = "<group>"; };
		678EEA2816C8448A008EEA16 /* NSManagedObjectContext+MagicalThreading.h */ = {isa = PBXFileReference; fileEncoding = 4; lastKnownFileType = sourcecode.c.h; path = "NSManagedObjectContext+MagicalThreading.h"; sourceTree = "<group>"; };
		678EEA2916C8448A008EEA16 /* NSManagedObjectContext+MagicalThreading.m */ = {isa = PBXFileReference; fileEncoding = 4; lastKnownFileType = sourcecode.c.objc; path = "NSManagedObjectContext+MagicalThreading.m"; sourceTree = "<group>"; };
		678EEA2A16C8448A008EEA16 /* NSManagedObjectModel+MagicalRecord.h */ = {isa = PBXFileReference; fileEncoding = 4; lastKnownFileType = sourcecode.c.h; path = "NSManagedObjectModel+MagicalRecord.h"; sourceTree = "<group>"; };
		678EEA2B16C8448A008EEA16 /* NSManagedObjectModel+MagicalRecord.m */ = {isa = PBXFileReference; fileEncoding = 4; lastKnownFileType = sourcecode.c.objc; path = "NSManagedObjectModel+MagicalRecord.m"; sourceTree = "<group>"; };
		678EEA2C16C8448A008EEA16 /* NSPersistentStore+MagicalRecord.h */ = {isa = PBXFileReference; fileEncoding = 4; lastKnownFileType = sourcecode.c.h; path = "NSPersistentStore+MagicalRecord.h"; sourceTree = "<group>"; };
		678EEA2D16C8448A008EEA16 /* NSPersistentStore+MagicalRecord.m */ = {isa = PBXFileReference; fileEncoding = 4; lastKnownFileType = sourcecode.c.objc; path = "NSPersistentStore+MagicalRecord.m"; sourceTree = "<group>"; };
		678EEA2E16C8448A008EEA16 /* NSPersistentStoreCoordinator+MagicalRecord.h */ = {isa = PBXFileReference; fileEncoding = 4; lastKnownFileType = sourcecode.c.h; path = "NSPersistentStoreCoordinator+MagicalRecord.h"; sourceTree = "<group>"; };
		678EEA2F16C8448A008EEA16 /* NSPersistentStoreCoordinator+MagicalRecord.m */ = {isa = PBXFileReference; fileEncoding = 4; lastKnownFileType = sourcecode.c.objc; path = "NSPersistentStoreCoordinator+MagicalRecord.m"; sourceTree = "<group>"; };
		678EEA3116C8448A008EEA16 /* MagicalRecord+Actions.h */ = {isa = PBXFileReference; fileEncoding = 4; lastKnownFileType = sourcecode.c.h; path = "MagicalRecord+Actions.h"; sourceTree = "<group>"; };
		678EEA3216C8448A008EEA16 /* MagicalRecord+Actions.m */ = {isa = PBXFileReference; fileEncoding = 4; lastKnownFileType = sourcecode.c.objc; path = "MagicalRecord+Actions.m"; sourceTree = "<group>"; };
		678EEA3316C8448A008EEA16 /* MagicalRecord+ErrorHandling.h */ = {isa = PBXFileReference; fileEncoding = 4; lastKnownFileType = sourcecode.c.h; path = "MagicalRecord+ErrorHandling.h"; sourceTree = "<group>"; };
		678EEA3416C8448A008EEA16 /* MagicalRecord+ErrorHandling.m */ = {isa = PBXFileReference; fileEncoding = 4; lastKnownFileType = sourcecode.c.objc; path = "MagicalRecord+ErrorHandling.m"; sourceTree = "<group>"; };
		678EEA3516C8448A008EEA16 /* MagicalRecord+iCloud.h */ = {isa = PBXFileReference; fileEncoding = 4; lastKnownFileType = sourcecode.c.h; path = "MagicalRecord+iCloud.h"; sourceTree = "<group>"; };
		678EEA3616C8448A008EEA16 /* MagicalRecord+iCloud.m */ = {isa = PBXFileReference; fileEncoding = 4; lastKnownFileType = sourcecode.c.objc; path = "MagicalRecord+iCloud.m"; sourceTree = "<group>"; };
		678EEA3716C8448A008EEA16 /* MagicalRecord+Options.h */ = {isa = PBXFileReference; fileEncoding = 4; lastKnownFileType = sourcecode.c.h; path = "MagicalRecord+Options.h"; sourceTree = "<group>"; };
		678EEA3816C8448A008EEA16 /* MagicalRecord+Options.m */ = {isa = PBXFileReference; fileEncoding = 4; lastKnownFileType = sourcecode.c.objc; path = "MagicalRecord+Options.m"; sourceTree = "<group>"; };
		678EEA3916C8448A008EEA16 /* MagicalRecord+Setup.h */ = {isa = PBXFileReference; fileEncoding = 4; lastKnownFileType = sourcecode.c.h; path = "MagicalRecord+Setup.h"; sourceTree = "<group>"; };
		678EEA3A16C8448A008EEA16 /* MagicalRecord+Setup.m */ = {isa = PBXFileReference; fileEncoding = 4; lastKnownFileType = sourcecode.c.objc; path = "MagicalRecord+Setup.m"; sourceTree = "<group>"; };
		678EEA3B16C8448A008EEA16 /* MagicalRecord+ShorthandSupport.h */ = {isa = PBXFileReference; fileEncoding = 4; lastKnownFileType = sourcecode.c.h; path = "MagicalRecord+ShorthandSupport.h"; sourceTree = "<group>"; };
		678EEA3C16C8448A008EEA16 /* MagicalRecord+ShorthandSupport.m */ = {isa = PBXFileReference; fileEncoding = 4; lastKnownFileType = sourcecode.c.objc; path = "MagicalRecord+ShorthandSupport.m"; sourceTree = "<group>"; };
		678EEA3D16C8448A008EEA16 /* MagicalRecord.h */ = {isa = PBXFileReference; fileEncoding = 4; lastKnownFileType = sourcecode.c.h; path = MagicalRecord.h; sourceTree = "<group>"; };
		678EEA3E16C8448A008EEA16 /* MagicalRecord.m */ = {isa = PBXFileReference; fileEncoding = 4; lastKnownFileType = sourcecode.c.objc; path = MagicalRecord.m; sourceTree = "<group>"; };
		678EEA3F16C8448A008EEA16 /* MagicalRecordShorthand.h */ = {isa = PBXFileReference; fileEncoding = 4; lastKnownFileType = sourcecode.c.h; path = MagicalRecordShorthand.h; sourceTree = "<group>"; };
		678EEA4016C8448A008EEA16 /* CoreData+MagicalRecord.h */ = {isa = PBXFileReference; fileEncoding = 4; lastKnownFileType = sourcecode.c.h; name = "CoreData+MagicalRecord.h"; path = "Vendor/Model/MagicalRecord/MagicalRecord/CoreData+MagicalRecord.h"; sourceTree = "<group>"; };
		67E0AF3216CE83AC005750E2 /* NSObject+KVOBlockBinding.h */ = {isa = PBXFileReference; fileEncoding = 4; lastKnownFileType = sourcecode.c.h; path = "NSObject+KVOBlockBinding.h"; sourceTree = "<group>"; };
		67E0AF3316CE83AC005750E2 /* NSObject+KVOBlockBinding.m */ = {isa = PBXFileReference; fileEncoding = 4; lastKnownFileType = sourcecode.c.objc; path = "NSObject+KVOBlockBinding.m"; sourceTree = "<group>"; };
		67E0AF3416CE83AC005750E2 /* NSObject+WSKeyPathBinding.h */ = {isa = PBXFileReference; fileEncoding = 4; lastKnownFileType = sourcecode.c.h; path = "NSObject+WSKeyPathBinding.h"; sourceTree = "<group>"; };
		67E0AF3516CE83AC005750E2 /* NSObject+WSKeyPathBinding.m */ = {isa = PBXFileReference; fileEncoding = 4; lastKnownFileType = sourcecode.c.objc; path = "NSObject+WSKeyPathBinding.m"; sourceTree = "<group>"; };
		67E0AF3616CE83AC005750E2 /* NSObject+WSObservation.h */ = {isa = PBXFileReference; fileEncoding = 4; lastKnownFileType = sourcecode.c.h; path = "NSObject+WSObservation.h"; sourceTree = "<group>"; };
		67E0AF3716CE83AC005750E2 /* NSObject+WSObservation.m */ = {isa = PBXFileReference; fileEncoding = 4; lastKnownFileType = sourcecode.c.objc; path = "NSObject+WSObservation.m"; sourceTree = "<group>"; };
		67E0AF3816CE83AC005750E2 /* WSObservationBinding.h */ = {isa = PBXFileReference; fileEncoding = 4; lastKnownFileType = sourcecode.c.h; path = WSObservationBinding.h; sourceTree = "<group>"; };
		67E0AF3916CE83AC005750E2 /* WSObservationBinding.m */ = {isa = PBXFileReference; fileEncoding = 4; lastKnownFileType = sourcecode.c.objc; path = WSObservationBinding.m; sourceTree = "<group>"; };
		67E0AF3E16CE8626005750E2 /* NSDictionary+XingAPIAdditions.h */ = {isa = PBXFileReference; fileEncoding = 4; lastKnownFileType = sourcecode.c.h; path = "NSDictionary+XingAPIAdditions.h"; sourceTree = "<group>"; };
		67E0AF3F16CE8627005750E2 /* NSDictionary+XingAPIAdditions.m */ = {isa = PBXFileReference; fileEncoding = 4; lastKnownFileType = sourcecode.c.objc; path = "NSDictionary+XingAPIAdditions.m"; sourceTree = "<group>"; };
/* End PBXFileReference section */

/* Begin PBXFrameworksBuildPhase section */
		1FC1BB2116C11D5700404E83 /* Frameworks */ = {
			isa = PBXFrameworksBuildPhase;
			buildActionMask = 2147483647;
			files = (
				1F63F90616C3FDB50077EA2D /* Security.framework in Frameworks */,
				6746213A16CD31A400DCA5AD /* CFNetwork.framework in Frameworks */,
				6746213816CD319B00DCA5AD /* libicucore.dylib in Frameworks */,
				6746213616CD311000DCA5AD /* libSocketRocket.a in Frameworks */,
				6746213416CD310A00DCA5AD /* libPonyDebugger.a in Frameworks */,
				678EEA0416C83C24008EEA16 /* CoreData.framework in Frameworks */,
				1F63F90816C3FDBF0077EA2D /* SystemConfiguration.framework in Frameworks */,
				1F63F90416C3FDAC0077EA2D /* MobileCoreServices.framework in Frameworks */,
				1F63F90216C3FDA00077EA2D /* libz.dylib in Frameworks */,
				1FC1BB2816C11D5700404E83 /* UIKit.framework in Frameworks */,
				1FC1BB2A16C11D5700404E83 /* Foundation.framework in Frameworks */,
				1FC1BB2C16C11D5700404E83 /* CoreGraphics.framework in Frameworks */,
			);
			runOnlyForDeploymentPostprocessing = 0;
		};
		1FC1BB4616C11D5700404E83 /* Frameworks */ = {
			isa = PBXFrameworksBuildPhase;
			buildActionMask = 2147483647;
			files = (
				1FC1BB4C16C11D5700404E83 /* SenTestingKit.framework in Frameworks */,
				1FC1BB4D16C11D5700404E83 /* UIKit.framework in Frameworks */,
				1FC1BB4E16C11D5700404E83 /* Foundation.framework in Frameworks */,
			);
			runOnlyForDeploymentPostprocessing = 0;
		};
/* End PBXFrameworksBuildPhase section */

/* Begin PBXGroup section */
		1F63F8B216C25C8D0077EA2D /* Classes */ = {
			isa = PBXGroup;
			children = (
				678EE94216C83982008EEA16 /* Model */,
				1F63F8DD16C2CCEC0077EA2D /* OAuth */,
				1F63F8B916C25DB70077EA2D /* ViewControllers */,
				1F63F8B316C25C8D0077EA2D /* AppDelegate */,
			);
			path = Classes;
			sourceTree = "<group>";
		};
		1F63F8B316C25C8D0077EA2D /* AppDelegate */ = {
			isa = PBXGroup;
			children = (
				1F63F8B616C25D2C0077EA2D /* XPAppDelegate.h */,
				1F63F8B716C25D2C0077EA2D /* XPAppDelegate.m */,
			);
			path = AppDelegate;
			sourceTree = "<group>";
		};
		1F63F8B916C25DB70077EA2D /* ViewControllers */ = {
			isa = PBXGroup;
			children = (
				6737F68616C9132700E0F76B /* XPHomeViewController */,
			);
			path = ViewControllers;
			sourceTree = "<group>";
		};
		1F63F8DD16C2CCEC0077EA2D /* OAuth */ = {
			isa = PBXGroup;
			children = (
				1F52167F16C8FD91001D1A10 /* OAuthPersistenceManager.h */,
				1F52168016C8FD91001D1A10 /* OAuthPersistenceManager.m */,
				1F8EDAA916CA50AE00CF595A /* OAuthFactory.h */,
				1F8EDAAA16CA50AE00CF595A /* OAuthFactory.m */,
				1F782A4216C6F2D10005DD59 /* ViewControllers */,
				1F63F8F816C3B90F0077EA2D /* NSString+URLEncoding.h */,
				1F63F8F916C3B90F0077EA2D /* NSString+URLEncoding.m */,
				1F63F8FA16C3B90F0077EA2D /* OAuth.h */,
				1F63F8FB16C3B9100077EA2D /* OAuth.m */,
				1F63F8FC16C3B9100077EA2D /* OAuthXing.h */,
				1F63F8FD16C3B9100077EA2D /* OAuthXing.m */,
				1F63F8F216C3B4510077EA2D /* Protocols */,
				1F63F8E416C3B25B0077EA2D /* Crypto */,
				1F63F8DE16C2CD2F0077EA2D /* OAuthConsumerCredentials.h */,
			);
			path = OAuth;
			sourceTree = "<group>";
		};
		1F63F8E416C3B25B0077EA2D /* Crypto */ = {
			isa = PBXGroup;
			children = (
				1F63F8E516C3B25B0077EA2D /* Base64Transcoder.c */,
				1F63F8E616C3B25B0077EA2D /* Base64Transcoder.h */,
				1F63F8E716C3B25B0077EA2D /* hmac.c */,
				1F63F8E816C3B25B0077EA2D /* hmac.h */,
				1F63F8E916C3B25B0077EA2D /* OAHMAC_SHA1SignatureProvider.h */,
				1F63F8EA16C3B25B0077EA2D /* OAHMAC_SHA1SignatureProvider.m */,
				1F63F8EB16C3B25B0077EA2D /* OASignatureProviding.h */,
				1F63F8EC16C3B25B0077EA2D /* sha1.c */,
				1F63F8ED16C3B25B0077EA2D /* sha1.h */,
			);
			path = Crypto;
			sourceTree = "<group>";
		};
		1F63F8F216C3B4510077EA2D /* Protocols */ = {
			isa = PBXGroup;
			children = (
				1FB0E62216CE48C200575117 /* OAuthAuthorizationCallbacks.h */,
				1F63F8F616C3B8E30077EA2D /* OAuthXingCallbacks.h */,
				1F63F8F716C3B8E30077EA2D /* XingLoginUiFeedback.h */,
				1F63F8F316C3B4520077EA2D /* OAuthLoginPopupDelegate.h */,
			);
			path = Protocols;
			sourceTree = "<group>";
		};
		1F782A4116C6F2310005DD59 /* Resources */ = {
			isa = PBXGroup;
			children = (
				6737F68016C9112E00E0F76B /* JSON */,
				6737F68416C9131500E0F76B /* MainWindow.xib */,
			);
			path = Resources;
			sourceTree = "<group>";
		};
		1F782A4216C6F2D10005DD59 /* ViewControllers */ = {
			isa = PBXGroup;
			children = (
				1F782A4316C6F2D10005DD59 /* OAuthViewController.h */,
				1F782A4416C6F2D10005DD59 /* OAuthViewController.m */,
				1F782A4816C6F3BD0005DD59 /* OAuthViewController.xib */,
			);
			path = ViewControllers;
			sourceTree = "<group>";
		};
		1FC1BB1B16C11D5700404E83 = {
			isa = PBXGroup;
			children = (
				6748E27116C53C750041986B /* Vendor */,
				1FC1BB2D16C11D5700404E83 /* XINGPad */,
				1FC1BB5116C11D5800404E83 /* XINGPadTests */,
				1FC1BB2616C11D5700404E83 /* Frameworks */,
				1FC1BB2516C11D5700404E83 /* Products */,
			);
			sourceTree = "<group>";
		};
		1FC1BB2516C11D5700404E83 /* Products */ = {
			isa = PBXGroup;
			children = (
				1FC1BB2416C11D5700404E83 /* XINGPad.app */,
				1FC1BB4A16C11D5700404E83 /* XINGPadTests.octest */,
			);
			name = Products;
			sourceTree = "<group>";
		};
		1FC1BB2616C11D5700404E83 /* Frameworks */ = {
			isa = PBXGroup;
			children = (
				6746213916CD31A400DCA5AD /* CFNetwork.framework */,
				6746213716CD319B00DCA5AD /* libicucore.dylib */,
				6746213516CD311000DCA5AD /* libSocketRocket.a */,
				678EEA0316C83C24008EEA16 /* CoreData.framework */,
				1F63F90116C3FDA00077EA2D /* libz.dylib */,
				1F63F90716C3FDBE0077EA2D /* SystemConfiguration.framework */,
				1F63F90516C3FDB50077EA2D /* Security.framework */,
				1F63F90316C3FDAB0077EA2D /* MobileCoreServices.framework */,
				1FC1BB2716C11D5700404E83 /* UIKit.framework */,
				1FC1BB2916C11D5700404E83 /* Foundation.framework */,
				1FC1BB2B16C11D5700404E83 /* CoreGraphics.framework */,
				1FC1BB4B16C11D5700404E83 /* SenTestingKit.framework */,
			);
			name = Frameworks;
			sourceTree = "<group>";
		};
		1FC1BB2D16C11D5700404E83 /* XINGPad */ = {
			isa = PBXGroup;
			children = (
				1F782A4116C6F2310005DD59 /* Resources */,
				1F63F8B216C25C8D0077EA2D /* Classes */,
				1FC1BB2E16C11D5700404E83 /* Supporting Files */,
			);
			path = XINGPad;
			sourceTree = "<group>";
		};
		1FC1BB2E16C11D5700404E83 /* Supporting Files */ = {
			isa = PBXGroup;
			children = (
				67232B5C16C94A2F0010EAE3 /* Xingpad.xcdatamodeld */,
				1F63F91416C44A9B0077EA2D /* Default-568h@2x.png */,
				1F63F91516C44A9B0077EA2D /* Default.png */,
				1F63F91616C44A9B0077EA2D /* Default@2x.png */,
				1F63F91716C44A9B0077EA2D /* main.m */,
				1F63F91816C44A9B0077EA2D /* XINGPad-Info.plist */,
				1F63F91916C44A9B0077EA2D /* XINGPad-Prefix.pch */,
				1FC1BB3016C11D5700404E83 /* InfoPlist.strings */,
			);
			name = "Supporting Files";
			sourceTree = "<group>";
		};
		1FC1BB5116C11D5800404E83 /* XINGPadTests */ = {
			isa = PBXGroup;
			children = (
				1FC1BB5716C11D5800404E83 /* XINGPadTests.h */,
				1FC1BB5816C11D5800404E83 /* XINGPadTests.m */,
				1FC1BB5216C11D5800404E83 /* Supporting Files */,
			);
			path = XINGPadTests;
			sourceTree = "<group>";
		};
		1FC1BB5216C11D5800404E83 /* Supporting Files */ = {
			isa = PBXGroup;
			children = (
				1FC1BB5316C11D5800404E83 /* XINGPadTests-Info.plist */,
				1FC1BB5416C11D5800404E83 /* InfoPlist.strings */,
			);
			name = "Supporting Files";
			sourceTree = "<group>";
		};
		6737F67616C9087400E0F76B /* CoreDataCategories */ = {
			isa = PBXGroup;
			children = (
				67E0AF3E16CE8626005750E2 /* NSDictionary+XingAPIAdditions.h */,
				67E0AF3F16CE8627005750E2 /* NSDictionary+XingAPIAdditions.m */,
				6737F67716C9087400E0F76B /* NSManagedObject+XingAPIAdditions.h */,
				6737F67816C9087400E0F76B /* NSManagedObject+XingAPIAdditions.m */,
				6737F67916C9087400E0F76B /* XPActivity+XPAdditions.h */,
				6737F67A16C9087400E0F76B /* XPActivity+XPAdditions.m */,
				6737F67B16C9087400E0F76B /* XPUser+XPAdditions.h */,
				6737F67C16C9087400E0F76B /* XPUser+XPAdditions.m */,
			);
			path = CoreDataCategories;
			sourceTree = "<group>";
		};
		6737F68016C9112E00E0F76B /* JSON */ = {
			isa = PBXGroup;
			children = (
				6737F68116C9112E00E0F76B /* NetworkActivity.json */,
			);
			path = JSON;
			sourceTree = "<group>";
		};
		6737F68616C9132700E0F76B /* XPHomeViewController */ = {
			isa = PBXGroup;
			children = (
				6737F68816C9136000E0F76B /* XPHomeViewController.h */,
				6737F68916C9136000E0F76B /* XPHomeViewController.m */,
				6737F68A16C9136000E0F76B /* XPHomeViewController.xib */,
			);
			name = XPHomeViewController;
			sourceTree = "<group>";
		};
		67461CC216CD30D100DCA5AD /* Frameworks */ = {
			isa = PBXGroup;
			children = (
				6746212A16CD30E600DCA5AD /* PonyDebugger */,
			);
			name = Frameworks;
			path = Vendor/Frameworks;
			sourceTree = "<group>";
		};
		6746212A16CD30E600DCA5AD /* PonyDebugger */ = {
			isa = PBXGroup;
			children = (
				6746212B16CD30F600DCA5AD /* PonyDebugger.xcodeproj */,
			);
			name = PonyDebugger;
			sourceTree = "<group>";
		};
		6746212C16CD30F600DCA5AD /* Products */ = {
			isa = PBXGroup;
			children = (
				6746213116CD30F700DCA5AD /* libPonyDebugger.a */,
			);
			name = Products;
			sourceTree = "<group>";
		};
		6748E27116C53C750041986B /* Vendor */ = {
			isa = PBXGroup;
			children = (
				67461CC216CD30D100DCA5AD /* Frameworks */,
				6748E27216C53C7A0041986B /* Model */,
			);
			name = Vendor;
			sourceTree = "<group>";
		};
		6748E27216C53C7A0041986B /* Model */ = {
			isa = PBXGroup;
			children = (
				67E0AF3116CE83AC005750E2 /* KVOBlockBinding */,
				678EEA0516C8447B008EEA16 /* MagicalRecord */,
				678EE96B16C83B14008EEA16 /* AFNetworking */,
			);
			name = Model;
			sourceTree = "<group>";
		};
		678EE94216C83982008EEA16 /* Model */ = {
			isa = PBXGroup;
			children = (
				6737F67616C9087400E0F76B /* CoreDataCategories */,
				678EE94316C83982008EEA16 /* CoreDataBaseClasses */,
			);
			path = Model;
			sourceTree = "<group>";
		};
		678EE94316C83982008EEA16 /* CoreDataBaseClasses */ = {
			isa = PBXGroup;
			children = (
				6718E15616C9605E0020BC6D /* XPBookmark.h */,
				6718E15716C9605E0020BC6D /* XPBookmark.m */,
				6718E15816C9605E0020BC6D /* XPComment.h */,
				6718E15916C9605E0020BC6D /* XPComment.m */,
				6718E15A16C9605E0020BC6D /* XPCompanyProfile.h */,
				6718E15B16C9605E0020BC6D /* XPCompanyProfile.m */,
				6718E15C16C9605E0020BC6D /* XPCompanyProfileUpdate.h */,
				6718E15D16C9605E0020BC6D /* XPCompanyProfileUpdate.m */,
				6718E15E16C9605E0020BC6D /* XPEvent.h */,
				6718E15F16C9605E0020BC6D /* XPEvent.m */,
				6718E16016C9605E0020BC6D /* XPGroup.h */,
				6718E16116C9605E0020BC6D /* XPGroup.m */,
				6718E16216C9605E0020BC6D /* XPJobPosting.h */,
				6718E16316C9605E0020BC6D /* XPJobPosting.m */,
				6718E16416C9605E0020BC6D /* XPMetaComment.h */,
				6718E16516C9605E0020BC6D /* XPMetaComment.m */,
				6718E16616C9605E0020BC6D /* XPMetaLike.h */,
				6718E16716C9605E0020BC6D /* XPMetaLike.m */,
				6718E16816C9605E0020BC6D /* XPStatus.h */,
				6718E16916C9605E0020BC6D /* XPStatus.m */,
				6718E16A16C9605E0020BC6D /* XPThread.h */,
				6718E16B16C9605E0020BC6D /* XPThread.m */,
				6718E16C16C9605E0020BC6D /* XPUser.h */,
				6718E16D16C9605E0020BC6D /* XPUser.m */,
				6716974D16CEC19B00C15B61 /* XPActivity.h */,
				6716974E16CEC19B00C15B61 /* XPActivity.m */,
				6716975016CEC19C00C15B61 /* XPObjects.h */,
				6716975116CEC19C00C15B61 /* XPObjects.m */,
			);
			path = CoreDataBaseClasses;
			sourceTree = "<group>";
		};
		678EE96B16C83B14008EEA16 /* AFNetworking */ = {
			isa = PBXGroup;
			children = (
				678EE96E16C83B14008EEA16 /* AFHTTPClient.h */,
				678EE96F16C83B14008EEA16 /* AFHTTPClient.m */,
				678EE97016C83B14008EEA16 /* AFHTTPRequestOperation.h */,
				678EE97116C83B14008EEA16 /* AFHTTPRequestOperation.m */,
				678EE97216C83B14008EEA16 /* AFImageRequestOperation.h */,
				678EE97316C83B14008EEA16 /* AFImageRequestOperation.m */,
				678EE97416C83B14008EEA16 /* AFJSONRequestOperation.h */,
				678EE97516C83B14008EEA16 /* AFJSONRequestOperation.m */,
				678EE97616C83B14008EEA16 /* AFNetworkActivityIndicatorManager.h */,
				678EE97716C83B14008EEA16 /* AFNetworkActivityIndicatorManager.m */,
				678EE97816C83B14008EEA16 /* AFNetworking.h */,
				678EE97916C83B14008EEA16 /* AFPropertyListRequestOperation.h */,
				678EE97A16C83B14008EEA16 /* AFPropertyListRequestOperation.m */,
				678EE97B16C83B14008EEA16 /* AFURLConnectionOperation.h */,
				678EE97C16C83B14008EEA16 /* AFURLConnectionOperation.m */,
				678EE97D16C83B14008EEA16 /* AFXMLRequestOperation.h */,
				678EE97E16C83B14008EEA16 /* AFXMLRequestOperation.m */,
				678EE97F16C83B14008EEA16 /* UIImageView+AFNetworking.h */,
				678EE98016C83B14008EEA16 /* UIImageView+AFNetworking.m */,
			);
			name = AFNetworking;
			path = Vendor/Model/AFNetworking;
			sourceTree = "<group>";
		};
		678EEA0516C8447B008EEA16 /* MagicalRecord */ = {
			isa = PBXGroup;
			children = (
				678EEA0616C84489008EEA16 /* Categories */,
				678EEA3016C8448A008EEA16 /* Core */,
				678EEA4016C8448A008EEA16 /* CoreData+MagicalRecord.h */,
			);
			name = MagicalRecord;
			sourceTree = "<group>";
		};
		678EEA0616C84489008EEA16 /* Categories */ = {
			isa = PBXGroup;
			children = (
				678EEA0716C84489008EEA16 /* DataImport */,
				678EEA1616C8448A008EEA16 /* NSManagedObject */,
				678EEA2116C8448A008EEA16 /* NSManagedObjectContext */,
				678EEA2A16C8448A008EEA16 /* NSManagedObjectModel+MagicalRecord.h */,
				678EEA2B16C8448A008EEA16 /* NSManagedObjectModel+MagicalRecord.m */,
				678EEA2C16C8448A008EEA16 /* NSPersistentStore+MagicalRecord.h */,
				678EEA2D16C8448A008EEA16 /* NSPersistentStore+MagicalRecord.m */,
				678EEA2E16C8448A008EEA16 /* NSPersistentStoreCoordinator+MagicalRecord.h */,
				678EEA2F16C8448A008EEA16 /* NSPersistentStoreCoordinator+MagicalRecord.m */,
			);
			name = Categories;
			path = Vendor/Model/MagicalRecord/MagicalRecord/Categories;
			sourceTree = "<group>";
		};
		678EEA0716C84489008EEA16 /* DataImport */ = {
			isa = PBXGroup;
			children = (
				678EEA0816C84489008EEA16 /* MagicalImportFunctions.h */,
				678EEA0916C84489008EEA16 /* MagicalImportFunctions.m */,
				678EEA0A16C84489008EEA16 /* NSAttributeDescription+MagicalDataImport.h */,
				678EEA0B16C84489008EEA16 /* NSAttributeDescription+MagicalDataImport.m */,
				678EEA0C16C84489008EEA16 /* NSEntityDescription+MagicalDataImport.h */,
				678EEA0D16C84489008EEA16 /* NSEntityDescription+MagicalDataImport.m */,
				678EEA0E16C84489008EEA16 /* NSNumber+MagicalDataImport.h */,
				678EEA0F16C84489008EEA16 /* NSNumber+MagicalDataImport.m */,
				678EEA1016C84489008EEA16 /* NSObject+MagicalDataImport.h */,
				678EEA1116C84489008EEA16 /* NSObject+MagicalDataImport.m */,
				678EEA1216C84489008EEA16 /* NSRelationshipDescription+MagicalDataImport.h */,
				678EEA1316C84489008EEA16 /* NSRelationshipDescription+MagicalDataImport.m */,
				678EEA1416C8448A008EEA16 /* NSString+MagicalDataImport.h */,
				678EEA1516C8448A008EEA16 /* NSString+MagicalDataImport.m */,
			);
			path = DataImport;
			sourceTree = "<group>";
		};
		678EEA1616C8448A008EEA16 /* NSManagedObject */ = {
			isa = PBXGroup;
			children = (
				678EEA1716C8448A008EEA16 /* NSManagedObject+MagicalAggregation.h */,
				678EEA1816C8448A008EEA16 /* NSManagedObject+MagicalAggregation.m */,
				678EEA1916C8448A008EEA16 /* NSManagedObject+MagicalDataImport.h */,
				678EEA1A16C8448A008EEA16 /* NSManagedObject+MagicalDataImport.m */,
				678EEA1B16C8448A008EEA16 /* NSManagedObject+MagicalFinders.h */,
				678EEA1C16C8448A008EEA16 /* NSManagedObject+MagicalFinders.m */,
				678EEA1D16C8448A008EEA16 /* NSManagedObject+MagicalRecord.h */,
				678EEA1E16C8448A008EEA16 /* NSManagedObject+MagicalRecord.m */,
				678EEA1F16C8448A008EEA16 /* NSManagedObject+MagicalRequests.h */,
				678EEA2016C8448A008EEA16 /* NSManagedObject+MagicalRequests.m */,
			);
			path = NSManagedObject;
			sourceTree = "<group>";
		};
		678EEA2116C8448A008EEA16 /* NSManagedObjectContext */ = {
			isa = PBXGroup;
			children = (
				678EEA2216C8448A008EEA16 /* NSManagedObjectContext+MagicalObserving.h */,
				678EEA2316C8448A008EEA16 /* NSManagedObjectContext+MagicalObserving.m */,
				678EEA2416C8448A008EEA16 /* NSManagedObjectContext+MagicalRecord.h */,
				678EEA2516C8448A008EEA16 /* NSManagedObjectContext+MagicalRecord.m */,
				678EEA2616C8448A008EEA16 /* NSManagedObjectContext+MagicalSaves.h */,
				678EEA2716C8448A008EEA16 /* NSManagedObjectContext+MagicalSaves.m */,
				678EEA2816C8448A008EEA16 /* NSManagedObjectContext+MagicalThreading.h */,
				678EEA2916C8448A008EEA16 /* NSManagedObjectContext+MagicalThreading.m */,
			);
			path = NSManagedObjectContext;
			sourceTree = "<group>";
		};
		678EEA3016C8448A008EEA16 /* Core */ = {
			isa = PBXGroup;
			children = (
				678EEA3116C8448A008EEA16 /* MagicalRecord+Actions.h */,
				678EEA3216C8448A008EEA16 /* MagicalRecord+Actions.m */,
				678EEA3316C8448A008EEA16 /* MagicalRecord+ErrorHandling.h */,
				678EEA3416C8448A008EEA16 /* MagicalRecord+ErrorHandling.m */,
				678EEA3516C8448A008EEA16 /* MagicalRecord+iCloud.h */,
				678EEA3616C8448A008EEA16 /* MagicalRecord+iCloud.m */,
				678EEA3716C8448A008EEA16 /* MagicalRecord+Options.h */,
				678EEA3816C8448A008EEA16 /* MagicalRecord+Options.m */,
				678EEA3916C8448A008EEA16 /* MagicalRecord+Setup.h */,
				678EEA3A16C8448A008EEA16 /* MagicalRecord+Setup.m */,
				678EEA3B16C8448A008EEA16 /* MagicalRecord+ShorthandSupport.h */,
				678EEA3C16C8448A008EEA16 /* MagicalRecord+ShorthandSupport.m */,
				678EEA3D16C8448A008EEA16 /* MagicalRecord.h */,
				678EEA3E16C8448A008EEA16 /* MagicalRecord.m */,
				678EEA3F16C8448A008EEA16 /* MagicalRecordShorthand.h */,
			);
			name = Core;
			path = Vendor/Model/MagicalRecord/MagicalRecord/Core;
			sourceTree = "<group>";
		};
		67E0AF3116CE83AC005750E2 /* KVOBlockBinding */ = {
			isa = PBXGroup;
			children = (
				67E0AF3216CE83AC005750E2 /* NSObject+KVOBlockBinding.h */,
				67E0AF3316CE83AC005750E2 /* NSObject+KVOBlockBinding.m */,
				67E0AF3416CE83AC005750E2 /* NSObject+WSKeyPathBinding.h */,
				67E0AF3516CE83AC005750E2 /* NSObject+WSKeyPathBinding.m */,
				67E0AF3616CE83AC005750E2 /* NSObject+WSObservation.h */,
				67E0AF3716CE83AC005750E2 /* NSObject+WSObservation.m */,
				67E0AF3816CE83AC005750E2 /* WSObservationBinding.h */,
				67E0AF3916CE83AC005750E2 /* WSObservationBinding.m */,
			);
			name = KVOBlockBinding;
			path = Vendor/Model/KVOBlockBinding/KVOBlockBinding;
			sourceTree = "<group>";
		};
/* End PBXGroup section */

/* Begin PBXNativeTarget section */
		1FC1BB2316C11D5700404E83 /* XINGPad */ = {
			isa = PBXNativeTarget;
			buildConfigurationList = 1FC1BB5C16C11D5800404E83 /* Build configuration list for PBXNativeTarget "XINGPad" */;
			buildPhases = (
				1FC1BB2016C11D5700404E83 /* Sources */,
				1FC1BB2116C11D5700404E83 /* Frameworks */,
				1FC1BB2216C11D5700404E83 /* Resources */,
			);
			buildRules = (
			);
			dependencies = (
				6746213316CD310700DCA5AD /* PBXTargetDependency */,
			);
			name = XINGPad;
			productName = XINGPad;
			productReference = 1FC1BB2416C11D5700404E83 /* XINGPad.app */;
			productType = "com.apple.product-type.application";
		};
		1FC1BB4916C11D5700404E83 /* XINGPadTests */ = {
			isa = PBXNativeTarget;
			buildConfigurationList = 1FC1BB5F16C11D5800404E83 /* Build configuration list for PBXNativeTarget "XINGPadTests" */;
			buildPhases = (
				1FC1BB4516C11D5700404E83 /* Sources */,
				1FC1BB4616C11D5700404E83 /* Frameworks */,
				1FC1BB4716C11D5700404E83 /* Resources */,
				1FC1BB4816C11D5700404E83 /* ShellScript */,
			);
			buildRules = (
			);
			dependencies = (
				1FC1BB5016C11D5800404E83 /* PBXTargetDependency */,
			);
			name = XINGPadTests;
			productName = XINGPadTests;
			productReference = 1FC1BB4A16C11D5700404E83 /* XINGPadTests.octest */;
			productType = "com.apple.product-type.bundle";
		};
/* End PBXNativeTarget section */

/* Begin PBXProject section */
		1FC1BB1C16C11D5700404E83 /* Project object */ = {
			isa = PBXProject;
			attributes = {
				CLASSPREFIX = XP;
				LastUpgradeCheck = 0460;
				ORGANIZATIONNAME = "Joerg Polakowski";
			};
			buildConfigurationList = 1FC1BB1F16C11D5700404E83 /* Build configuration list for PBXProject "XINGPad" */;
			compatibilityVersion = "Xcode 3.2";
			developmentRegion = English;
			hasScannedForEncodings = 0;
			knownRegions = (
				en,
			);
			mainGroup = 1FC1BB1B16C11D5700404E83;
			productRefGroup = 1FC1BB2516C11D5700404E83 /* Products */;
			projectDirPath = "";
			projectReferences = (
				{
					ProductGroup = 6746212C16CD30F600DCA5AD /* Products */;
					ProjectRef = 6746212B16CD30F600DCA5AD /* PonyDebugger.xcodeproj */;
				},
			);
			projectRoot = "";
			targets = (
				1FC1BB2316C11D5700404E83 /* XINGPad */,
				1FC1BB4916C11D5700404E83 /* XINGPadTests */,
				6716974816CEB10600C15B61 /* Documentation */,
			);
		};
/* End PBXProject section */

/* Begin PBXReferenceProxy section */
		6746213116CD30F700DCA5AD /* libPonyDebugger.a */ = {
			isa = PBXReferenceProxy;
			fileType = archive.ar;
			path = libPonyDebugger.a;
			remoteRef = 6746213016CD30F700DCA5AD /* PBXContainerItemProxy */;
			sourceTree = BUILT_PRODUCTS_DIR;
		};
/* End PBXReferenceProxy section */

/* Begin PBXResourcesBuildPhase section */
		1FC1BB2216C11D5700404E83 /* Resources */ = {
			isa = PBXResourcesBuildPhase;
			buildActionMask = 2147483647;
			files = (
				1FC1BB3216C11D5700404E83 /* InfoPlist.strings in Resources */,
				1F63F91A16C44A9B0077EA2D /* Default-568h@2x.png in Resources */,
				1F63F91B16C44A9B0077EA2D /* Default.png in Resources */,
				1F63F91C16C44A9B0077EA2D /* Default@2x.png in Resources */,
				1F782A4916C6F3BD0005DD59 /* OAuthViewController.xib in Resources */,
				6737F68216C9112E00E0F76B /* NetworkActivity.json in Resources */,
				6737F68516C9131500E0F76B /* MainWindow.xib in Resources */,
				6737F68C16C9136000E0F76B /* XPHomeViewController.xib in Resources */,
			);
			runOnlyForDeploymentPostprocessing = 0;
		};
		1FC1BB4716C11D5700404E83 /* Resources */ = {
			isa = PBXResourcesBuildPhase;
			buildActionMask = 2147483647;
			files = (
				1FC1BB5616C11D5800404E83 /* InfoPlist.strings in Resources */,
			);
			runOnlyForDeploymentPostprocessing = 0;
		};
/* End PBXResourcesBuildPhase section */

/* Begin PBXShellScriptBuildPhase section */
		1FC1BB4816C11D5700404E83 /* ShellScript */ = {
			isa = PBXShellScriptBuildPhase;
			buildActionMask = 2147483647;
			files = (
			);
			inputPaths = (
			);
			outputPaths = (
			);
			runOnlyForDeploymentPostprocessing = 0;
			shellPath = /bin/sh;
			shellScript = "# Run the unit tests in this test bundle.\n\"${SYSTEM_DEVELOPER_DIR}/Tools/RunUnitTests\"\n";
		};
		6716974C16CEB11400C15B61 /* ShellScript */ = {
			isa = PBXShellScriptBuildPhase;
			buildActionMask = 2147483647;
			files = (
			);
			inputPaths = (
			);
			outputPaths = (
			);
			runOnlyForDeploymentPostprocessing = 0;
			shellPath = /bin/sh;
			shellScript = "/usr/local/bin/appledoc \\\n--project-name XINGPad \\\n--project-company \"Elisabit\" \\\n--company-id com.elisabit \\\n--logformat xcode \\\n--no-repeat-first-par \\\n--no-warn-invalid-crossref \\\n--ignore .m \\\n--ignore Vendor \\\n--index-desc \"${PROJECT_DIR}/Help/Index.md\" \\\n--output \"${PROJECT_DIR}\"/Help \\\n\"${PROJECT_DIR}\"";
		};
/* End PBXShellScriptBuildPhase section */

/* Begin PBXSourcesBuildPhase section */
		1FC1BB2016C11D5700404E83 /* Sources */ = {
			isa = PBXSourcesBuildPhase;
			buildActionMask = 2147483647;
			files = (
				1F63F8B816C25D2C0077EA2D /* XPAppDelegate.m in Sources */,
				1F63F8EE16C3B25B0077EA2D /* Base64Transcoder.c in Sources */,
				1F63F8EF16C3B25B0077EA2D /* hmac.c in Sources */,
				1F63F8F016C3B25B0077EA2D /* OAHMAC_SHA1SignatureProvider.m in Sources */,
				1F63F8F116C3B25B0077EA2D /* sha1.c in Sources */,
				1F63F8FE16C3B9120077EA2D /* NSString+URLEncoding.m in Sources */,
				1F63F8FF16C3B9120077EA2D /* OAuth.m in Sources */,
				1F63F90016C3B9120077EA2D /* OAuthXing.m in Sources */,
				1F63F91D16C44A9B0077EA2D /* main.m in Sources */,
				1F782A4516C6F2D10005DD59 /* OAuthViewController.m in Sources */,
				678EE9AE16C83B15008EEA16 /* AFHTTPClient.m in Sources */,
				678EE9AF16C83B15008EEA16 /* AFHTTPRequestOperation.m in Sources */,
				678EE9B016C83B15008EEA16 /* AFImageRequestOperation.m in Sources */,
				678EE9B116C83B15008EEA16 /* AFJSONRequestOperation.m in Sources */,
				678EE9B216C83B15008EEA16 /* AFNetworkActivityIndicatorManager.m in Sources */,
				678EE9B316C83B15008EEA16 /* AFPropertyListRequestOperation.m in Sources */,
				678EE9B416C83B15008EEA16 /* AFURLConnectionOperation.m in Sources */,
				678EE9B516C83B15008EEA16 /* AFXMLRequestOperation.m in Sources */,
				678EE9B616C83B15008EEA16 /* UIImageView+AFNetworking.m in Sources */,
				678EEA4116C8448A008EEA16 /* MagicalImportFunctions.m in Sources */,
				678EEA4216C8448A008EEA16 /* NSAttributeDescription+MagicalDataImport.m in Sources */,
				678EEA4316C8448A008EEA16 /* NSEntityDescription+MagicalDataImport.m in Sources */,
				678EEA4416C8448A008EEA16 /* NSNumber+MagicalDataImport.m in Sources */,
				678EEA4516C8448A008EEA16 /* NSObject+MagicalDataImport.m in Sources */,
				678EEA4616C8448A008EEA16 /* NSRelationshipDescription+MagicalDataImport.m in Sources */,
				678EEA4716C8448A008EEA16 /* NSString+MagicalDataImport.m in Sources */,
				678EEA4816C8448A008EEA16 /* NSManagedObject+MagicalAggregation.m in Sources */,
				678EEA4916C8448A008EEA16 /* NSManagedObject+MagicalDataImport.m in Sources */,
				678EEA4A16C8448A008EEA16 /* NSManagedObject+MagicalFinders.m in Sources */,
				678EEA4B16C8448A008EEA16 /* NSManagedObject+MagicalRecord.m in Sources */,
				678EEA4C16C8448A008EEA16 /* NSManagedObject+MagicalRequests.m in Sources */,
				678EEA4D16C8448A008EEA16 /* NSManagedObjectContext+MagicalObserving.m in Sources */,
				678EEA4E16C8448A008EEA16 /* NSManagedObjectContext+MagicalRecord.m in Sources */,
				678EEA4F16C8448A008EEA16 /* NSManagedObjectContext+MagicalSaves.m in Sources */,
				678EEA5016C8448A008EEA16 /* NSManagedObjectContext+MagicalThreading.m in Sources */,
				678EEA5116C8448A008EEA16 /* NSManagedObjectModel+MagicalRecord.m in Sources */,
				678EEA5216C8448A008EEA16 /* NSPersistentStore+MagicalRecord.m in Sources */,
				678EEA5316C8448A008EEA16 /* NSPersistentStoreCoordinator+MagicalRecord.m in Sources */,
				678EEA5416C8448A008EEA16 /* MagicalRecord+Actions.m in Sources */,
				678EEA5516C8448A008EEA16 /* MagicalRecord+ErrorHandling.m in Sources */,
				678EEA5616C8448A008EEA16 /* MagicalRecord+iCloud.m in Sources */,
				678EEA5716C8448A008EEA16 /* MagicalRecord+Options.m in Sources */,
				678EEA5816C8448A008EEA16 /* MagicalRecord+Setup.m in Sources */,
				678EEA5916C8448A008EEA16 /* MagicalRecord+ShorthandSupport.m in Sources */,
				678EEA5A16C8448A008EEA16 /* MagicalRecord.m in Sources */,
				1F52168116C8FD91001D1A10 /* OAuthPersistenceManager.m in Sources */,
				6737F67D16C9087400E0F76B /* NSManagedObject+XingAPIAdditions.m in Sources */,
				6737F67E16C9087400E0F76B /* XPActivity+XPAdditions.m in Sources */,
				6737F67F16C9087400E0F76B /* XPUser+XPAdditions.m in Sources */,
				6737F68B16C9136000E0F76B /* XPHomeViewController.m in Sources */,
				67232B5E16C94A2F0010EAE3 /* Xingpad.xcdatamodeld in Sources */,
				6718E16F16C9605E0020BC6D /* XPBookmark.m in Sources */,
				6718E17016C9605E0020BC6D /* XPComment.m in Sources */,
				6718E17116C9605E0020BC6D /* XPCompanyProfile.m in Sources */,
				6718E17216C9605E0020BC6D /* XPCompanyProfileUpdate.m in Sources */,
				6718E17316C9605E0020BC6D /* XPEvent.m in Sources */,
				6718E17416C9605E0020BC6D /* XPGroup.m in Sources */,
				6718E17516C9605E0020BC6D /* XPJobPosting.m in Sources */,
				6718E17616C9605E0020BC6D /* XPMetaComment.m in Sources */,
				6718E17716C9605E0020BC6D /* XPMetaLike.m in Sources */,
				6718E17816C9605E0020BC6D /* XPStatus.m in Sources */,
				6718E17916C9605E0020BC6D /* XPThread.m in Sources */,
				6718E17A16C9605E0020BC6D /* XPUser.m in Sources */,
				1F8EDAAB16CA50AE00CF595A /* OAuthFactory.m in Sources */,
				67E0AF3A16CE83AC005750E2 /* NSObject+KVOBlockBinding.m in Sources */,
				67E0AF3B16CE83AC005750E2 /* NSObject+WSKeyPathBinding.m in Sources */,
				67E0AF3C16CE83AC005750E2 /* NSObject+WSObservation.m in Sources */,
				67E0AF3D16CE83AC005750E2 /* WSObservationBinding.m in Sources */,
				67E0AF4016CE8627005750E2 /* NSDictionary+XingAPIAdditions.m in Sources */,
				6716974F16CEC19B00C15B61 /* XPActivity.m in Sources */,
				6716975216CEC19C00C15B61 /* XPObjects.m in Sources */,
			);
			runOnlyForDeploymentPostprocessing = 0;
		};
		1FC1BB4516C11D5700404E83 /* Sources */ = {
			isa = PBXSourcesBuildPhase;
			buildActionMask = 2147483647;
			files = (
				1FC1BB5916C11D5800404E83 /* XINGPadTests.m in Sources */,
			);
			runOnlyForDeploymentPostprocessing = 0;
		};
/* End PBXSourcesBuildPhase section */

/* Begin PBXTargetDependency section */
		1FC1BB5016C11D5800404E83 /* PBXTargetDependency */ = {
			isa = PBXTargetDependency;
			target = 1FC1BB2316C11D5700404E83 /* XINGPad */;
			targetProxy = 1FC1BB4F16C11D5800404E83 /* PBXContainerItemProxy */;
		};
		6746213316CD310700DCA5AD /* PBXTargetDependency */ = {
			isa = PBXTargetDependency;
			name = PonyDebugger;
			targetProxy = 6746213216CD310700DCA5AD /* PBXContainerItemProxy */;
		};
/* End PBXTargetDependency section */

/* Begin PBXVariantGroup section */
		1FC1BB3016C11D5700404E83 /* InfoPlist.strings */ = {
			isa = PBXVariantGroup;
			children = (
				1FC1BB3116C11D5700404E83 /* en */,
			);
			name = InfoPlist.strings;
			sourceTree = "<group>";
		};
		1FC1BB5416C11D5800404E83 /* InfoPlist.strings */ = {
			isa = PBXVariantGroup;
			children = (
				1FC1BB5516C11D5800404E83 /* en */,
			);
			name = InfoPlist.strings;
			sourceTree = "<group>";
		};
/* End PBXVariantGroup section */

/* Begin XCBuildConfiguration section */
		1FC1BB5A16C11D5800404E83 /* Debug */ = {
			isa = XCBuildConfiguration;
			buildSettings = {
				ALWAYS_SEARCH_USER_PATHS = NO;
				CLANG_CXX_LANGUAGE_STANDARD = "gnu++0x";
				CLANG_CXX_LIBRARY = "libc++";
				CLANG_ENABLE_OBJC_ARC = YES;
				CLANG_WARN_CONSTANT_CONVERSION = YES;
				CLANG_WARN_EMPTY_BODY = YES;
				CLANG_WARN_ENUM_CONVERSION = YES;
				CLANG_WARN_INT_CONVERSION = YES;
				CLANG_WARN__DUPLICATE_METHOD_MATCH = YES;
				"CODE_SIGN_IDENTITY[sdk=iphoneos*]" = "iPhone Developer";
				COPY_PHASE_STRIP = NO;
				GCC_C_LANGUAGE_STANDARD = gnu99;
				GCC_DYNAMIC_NO_PIC = NO;
				GCC_OPTIMIZATION_LEVEL = 0;
				GCC_PREPROCESSOR_DEFINITIONS = (
					"DEBUG=1",
					"$(inherited)",
				);
				GCC_SYMBOLS_PRIVATE_EXTERN = NO;
				GCC_WARN_ABOUT_RETURN_TYPE = YES;
				GCC_WARN_UNINITIALIZED_AUTOS = YES;
				GCC_WARN_UNUSED_VARIABLE = YES;
				IPHONEOS_DEPLOYMENT_TARGET = 5.1;
				ONLY_ACTIVE_ARCH = YES;
				SDKROOT = iphoneos;
				TARGETED_DEVICE_FAMILY = 2;
			};
			name = Debug;
		};
		1FC1BB5B16C11D5800404E83 /* Release */ = {
			isa = XCBuildConfiguration;
			buildSettings = {
				ALWAYS_SEARCH_USER_PATHS = NO;
				CLANG_CXX_LANGUAGE_STANDARD = "gnu++0x";
				CLANG_CXX_LIBRARY = "libc++";
				CLANG_ENABLE_OBJC_ARC = YES;
				CLANG_WARN_CONSTANT_CONVERSION = YES;
				CLANG_WARN_EMPTY_BODY = YES;
				CLANG_WARN_ENUM_CONVERSION = YES;
				CLANG_WARN_INT_CONVERSION = YES;
				CLANG_WARN__DUPLICATE_METHOD_MATCH = YES;
				"CODE_SIGN_IDENTITY[sdk=iphoneos*]" = "iPhone Developer";
				COPY_PHASE_STRIP = YES;
				GCC_C_LANGUAGE_STANDARD = gnu99;
				GCC_WARN_ABOUT_RETURN_TYPE = YES;
				GCC_WARN_UNINITIALIZED_AUTOS = YES;
				GCC_WARN_UNUSED_VARIABLE = YES;
				IPHONEOS_DEPLOYMENT_TARGET = 5.1;
				OTHER_CFLAGS = "-DNS_BLOCK_ASSERTIONS=1";
				SDKROOT = iphoneos;
				TARGETED_DEVICE_FAMILY = 2;
				VALIDATE_PRODUCT = YES;
			};
			name = Release;
		};
		1FC1BB5D16C11D5800404E83 /* Debug */ = {
			isa = XCBuildConfiguration;
			buildSettings = {
				GCC_PRECOMPILE_PREFIX_HEADER = YES;
				GCC_PREFIX_HEADER = "XINGPad/XINGPad-Prefix.pch";
				INFOPLIST_FILE = "XINGPad/XINGPad-Info.plist";
				IPHONEOS_DEPLOYMENT_TARGET = 5.1;
				OTHER_LDFLAGS = "-ObjC";
				PRODUCT_NAME = XINGPad;
				WRAPPER_EXTENSION = app;
			};
			name = Debug;
		};
		1FC1BB5E16C11D5800404E83 /* Release */ = {
			isa = XCBuildConfiguration;
			buildSettings = {
				GCC_PRECOMPILE_PREFIX_HEADER = YES;
				GCC_PREFIX_HEADER = "XINGPad/XINGPad-Prefix.pch";
				INFOPLIST_FILE = "XINGPad/XINGPad-Info.plist";
				IPHONEOS_DEPLOYMENT_TARGET = 5.1;
				OTHER_LDFLAGS = "-ObjC";
				PRODUCT_NAME = XINGPad;
				WRAPPER_EXTENSION = app;
			};
			name = Release;
		};
		1FC1BB6016C11D5800404E83 /* Debug */ = {
			isa = XCBuildConfiguration;
			buildSettings = {
				BUNDLE_LOADER = "$(BUILT_PRODUCTS_DIR)/XINGPad.app/XINGPad";
				FRAMEWORK_SEARCH_PATHS = (
					"\"$(SDKROOT)/Developer/Library/Frameworks\"",
					"\"$(DEVELOPER_LIBRARY_DIR)/Frameworks\"",
				);
				GCC_PRECOMPILE_PREFIX_HEADER = YES;
				GCC_PREFIX_HEADER = "XINGPad/XINGPad-Prefix.pch";
				INFOPLIST_FILE = "XINGPadTests/XINGPadTests-Info.plist";
				PRODUCT_NAME = XINGPadTests;
				TEST_HOST = "$(BUNDLE_LOADER)";
				WRAPPER_EXTENSION = octest;
			};
			name = Debug;
		};
		1FC1BB6116C11D5800404E83 /* Release */ = {
			isa = XCBuildConfiguration;
			buildSettings = {
				BUNDLE_LOADER = "$(BUILT_PRODUCTS_DIR)/XINGPad.app/XINGPad";
				FRAMEWORK_SEARCH_PATHS = (
					"\"$(SDKROOT)/Developer/Library/Frameworks\"",
					"\"$(DEVELOPER_LIBRARY_DIR)/Frameworks\"",
				);
				GCC_PRECOMPILE_PREFIX_HEADER = YES;
				GCC_PREFIX_HEADER = "XINGPad/XINGPad-Prefix.pch";
				INFOPLIST_FILE = "XINGPadTests/XINGPadTests-Info.plist";
				PRODUCT_NAME = XINGPadTests;
				TEST_HOST = "$(BUNDLE_LOADER)";
				WRAPPER_EXTENSION = octest;
			};
			name = Release;
		};
		6716974916CEB10600C15B61 /* Debug */ = {
			isa = XCBuildConfiguration;
			buildSettings = {
				PRODUCT_NAME = "$(TARGET_NAME)";
			};
			name = Debug;
		};
		6716974A16CEB10600C15B61 /* Release */ = {
			isa = XCBuildConfiguration;
			buildSettings = {
				PRODUCT_NAME = "$(TARGET_NAME)";
			};
			name = Release;
		};
/* End XCBuildConfiguration section */

/* Begin XCConfigurationList section */
		1FC1BB1F16C11D5700404E83 /* Build configuration list for PBXProject "XINGPad" */ = {
			isa = XCConfigurationList;
			buildConfigurations = (
				1FC1BB5A16C11D5800404E83 /* Debug */,
				1FC1BB5B16C11D5800404E83 /* Release */,
			);
			defaultConfigurationIsVisible = 0;
			defaultConfigurationName = Release;
		};
		1FC1BB5C16C11D5800404E83 /* Build configuration list for PBXNativeTarget "XINGPad" */ = {
			isa = XCConfigurationList;
			buildConfigurations = (
				1FC1BB5D16C11D5800404E83 /* Debug */,
				1FC1BB5E16C11D5800404E83 /* Release */,
			);
			defaultConfigurationIsVisible = 0;
			defaultConfigurationName = Release;
		};
		1FC1BB5F16C11D5800404E83 /* Build configuration list for PBXNativeTarget "XINGPadTests" */ = {
			isa = XCConfigurationList;
			buildConfigurations = (
				1FC1BB6016C11D5800404E83 /* Debug */,
				1FC1BB6116C11D5800404E83 /* Release */,
			);
			defaultConfigurationIsVisible = 0;
			defaultConfigurationName = Release;
		};
		6716974B16CEB10600C15B61 /* Build configuration list for PBXAggregateTarget "Documentation" */ = {
			isa = XCConfigurationList;
			buildConfigurations = (
				6716974916CEB10600C15B61 /* Debug */,
				6716974A16CEB10600C15B61 /* Release */,
			);
			defaultConfigurationIsVisible = 0;
		};
/* End XCConfigurationList section */

/* Begin XCVersionGroup section */
		67232B5C16C94A2F0010EAE3 /* Xingpad.xcdatamodeld */ = {
			isa = XCVersionGroup;
			children = (
				67232B5D16C94A2F0010EAE3 /* Xingpad.xcdatamodel */,
			);
			currentVersion = 67232B5D16C94A2F0010EAE3 /* Xingpad.xcdatamodel */;
			path = Xingpad.xcdatamodeld;
			sourceTree = "<group>";
			versionGroupType = wrapper.xcdatamodel;
		};
/* End XCVersionGroup section */
	};
	rootObject = 1FC1BB1C16C11D5700404E83 /* Project object */;
}
